// !$*UTF8*$!
{
	archiveVersion = 1;
	classes = {
	};
	objectVersion = 56;
	objects = {

/* Begin PBXBuildFile section */
		512246752B034E6B006C3F23 /* FlashcardComponent.swift in Sources */ = {isa = PBXBuildFile; fileRef = 512246742B034E6B006C3F23 /* FlashcardComponent.swift */; };
		5125D3352B016C4C00E9E623 /* HousemateProfileButton.swift in Sources */ = {isa = PBXBuildFile; fileRef = 5125D3342B016C4C00E9E623 /* HousemateProfileButton.swift */; };
		512D1EAF2B033B6E007A388A /* SwiftUITrackableScrollView in Frameworks */ = {isa = PBXBuildFile; productRef = 512D1EAE2B033B6E007A388A /* SwiftUITrackableScrollView */; };
		5138709F2AF562DD007A83B4 /* HousemateProfileView.swift in Sources */ = {isa = PBXBuildFile; fileRef = 5138709E2AF562DD007A83B4 /* HousemateProfileView.swift */; };
		5155A17A2AFDC6D500832E51 /* AllHousematesCard.swift in Sources */ = {isa = PBXBuildFile; fileRef = 5155A1792AFDC6D500832E51 /* AllHousematesCard.swift */; };
		5155A17C2AFDC6ED00832E51 /* AllHousematesView.swift in Sources */ = {isa = PBXBuildFile; fileRef = 5155A17B2AFDC6ED00832E51 /* AllHousematesView.swift */; };
		515939D02AFF31C0004C31BB /* TaskSelectionBox.swift in Sources */ = {isa = PBXBuildFile; fileRef = 515939CF2AFF31C0004C31BB /* TaskSelectionBox.swift */; };
		515939D22AFF3609004C31BB /* TaskSelectionView.swift in Sources */ = {isa = PBXBuildFile; fileRef = 515939D12AFF3609004C31BB /* TaskSelectionView.swift */; };
		515939D42AFF37B2004C31BB /* TaskData.swift in Sources */ = {isa = PBXBuildFile; fileRef = 515939D32AFF37B2004C31BB /* TaskData.swift */; };
		51802D8B2B08CD4300B4EE9A /* FirstNameView.swift in Sources */ = {isa = PBXBuildFile; fileRef = 51802D8A2B08CD4300B4EE9A /* FirstNameView.swift */; };
		51802D8D2B08CE4C00B4EE9A /* LastNameView.swift in Sources */ = {isa = PBXBuildFile; fileRef = 51802D8C2B08CE4C00B4EE9A /* LastNameView.swift */; };
		51802D8F2B08CE6900B4EE9A /* DateOfBirthView.swift in Sources */ = {isa = PBXBuildFile; fileRef = 51802D8E2B08CE6900B4EE9A /* DateOfBirthView.swift */; };
		51802D912B08CE7400B4EE9A /* PhoneNumberView.swift in Sources */ = {isa = PBXBuildFile; fileRef = 51802D902B08CE7400B4EE9A /* PhoneNumberView.swift */; };
		51802D932B08CE8100B4EE9A /* EmailView.swift in Sources */ = {isa = PBXBuildFile; fileRef = 51802D922B08CE8100B4EE9A /* EmailView.swift */; };
		51802D952B08CE8A00B4EE9A /* PasswordView.swift in Sources */ = {isa = PBXBuildFile; fileRef = 51802D942B08CE8A00B4EE9A /* PasswordView.swift */; };
		51802D972B08D33E00B4EE9A /* ProgressBar.swift in Sources */ = {isa = PBXBuildFile; fileRef = 51802D962B08D33E00B4EE9A /* ProgressBar.swift */; };
		5188F2242B02AC47001B1AA0 /* GroupViewModel.swift in Sources */ = {isa = PBXBuildFile; fileRef = 5188F2232B02AC47001B1AA0 /* GroupViewModel.swift */; };
		5188F2262B030DAF001B1AA0 /* HousemateCircleComponent.swift in Sources */ = {isa = PBXBuildFile; fileRef = 5188F2252B030DAF001B1AA0 /* HousemateCircleComponent.swift */; };
		5188F2282B031298001B1AA0 /* PostRowView.swift in Sources */ = {isa = PBXBuildFile; fileRef = 5188F2272B031298001B1AA0 /* PostRowView.swift */; };
		51B20F382AFACD8E006FC5F7 /* JoinCreateCard.swift in Sources */ = {isa = PBXBuildFile; fileRef = 51B20F372AFACD8E006FC5F7 /* JoinCreateCard.swift */; };
		51B397682B01FB8000A0AF2A /* NewInputView.swift in Sources */ = {isa = PBXBuildFile; fileRef = 51B397672B01FB8000A0AF2A /* NewInputView.swift */; };
		51B3976A2B01FF2600A0AF2A /* SliderPicker.swift in Sources */ = {isa = PBXBuildFile; fileRef = 51B397692B01FF2600A0AF2A /* SliderPicker.swift */; };
		51B3976D2B02385100A0AF2A /* SDWebImageSwiftUI in Frameworks */ = {isa = PBXBuildFile; productRef = 51B3976C2B02385100A0AF2A /* SDWebImageSwiftUI */; };
		51D094AA2AFC739800935664 /* housematesTests.swift in Sources */ = {isa = PBXBuildFile; fileRef = 51D094A92AFC739800935664 /* housematesTests.swift */; };
		51D094B12AFC740300935664 /* userModelTests.swift in Sources */ = {isa = PBXBuildFile; fileRef = 51D094B02AFC740300935664 /* userModelTests.swift */; };
		51D094B32AFC747600935664 /* GroupModelTests.swift in Sources */ = {isa = PBXBuildFile; fileRef = 51D094B22AFC747600935664 /* GroupModelTests.swift */; };
		51D094B52AFC74D700935664 /* taskModelTests.swift in Sources */ = {isa = PBXBuildFile; fileRef = 51D094B42AFC74D700935664 /* taskModelTests.swift */; };
		51D094B72AFC754300935664 /* postModelTests.swift in Sources */ = {isa = PBXBuildFile; fileRef = 51D094B62AFC754300935664 /* postModelTests.swift */; };
		51D094B92AFC75A100935664 /* amenityModelTests.swift in Sources */ = {isa = PBXBuildFile; fileRef = 51D094B82AFC75A100935664 /* amenityModelTests.swift */; };
		51D094BB2AFC760000935664 /* commentModelTests.swift in Sources */ = {isa = PBXBuildFile; fileRef = 51D094BA2AFC760000935664 /* commentModelTests.swift */; };
		51D9B3332B06AB470091EBCD /* startView.swift in Sources */ = {isa = PBXBuildFile; fileRef = 51D9B3322B06AB470091EBCD /* startView.swift */; };
		51EA51E72B09950F0098D342 /* GroupNameView.swift in Sources */ = {isa = PBXBuildFile; fileRef = 51EA51E62B09950F0098D342 /* GroupNameView.swift */; };
		51EA51E92B09951A0098D342 /* GroupAddressView.swift in Sources */ = {isa = PBXBuildFile; fileRef = 51EA51E82B09951A0098D342 /* GroupAddressView.swift */; };
		816C30282AF49D59004F1771 /* TaskView.swift in Sources */ = {isa = PBXBuildFile; fileRef = 816C30272AF49D59004F1771 /* TaskView.swift */; };
		81CF29E02AFEDA1E00748D58 /* TaskHousematesView.swift in Sources */ = {isa = PBXBuildFile; fileRef = 81CF29DF2AFEDA1E00748D58 /* TaskHousematesView.swift */; };
		81CF29E22AFF56C400748D58 /* FilterView.swift in Sources */ = {isa = PBXBuildFile; fileRef = 81CF29E12AFF56C400748D58 /* FilterView.swift */; };
		81DBF1992B1E4AD1002DF472 /* DashboardView.swift in Sources */ = {isa = PBXBuildFile; fileRef = 81DBF1982B1E4AD1002DF472 /* DashboardView.swift */; };
		81DBF19B2B1E4AE1002DF472 /* DateValue.swift in Sources */ = {isa = PBXBuildFile; fileRef = 81DBF19A2B1E4AE1002DF472 /* DateValue.swift */; };
		81E659F62B08852E00B77EE4 /* SlidingTabView in Frameworks */ = {isa = PBXBuildFile; productRef = 81E659F52B08852E00B77EE4 /* SlidingTabView */; };
		81E9ED532B05EDA000A258A8 /* Font.swift in Sources */ = {isa = PBXBuildFile; fileRef = 81E9ED522B05EDA000A258A8 /* Font.swift */; };
		81E9ED562B05F15500A258A8 /* Nunito-VariableFont_wght.ttf in Resources */ = {isa = PBXBuildFile; fileRef = 81E9ED552B05F15500A258A8 /* Nunito-VariableFont_wght.ttf */; };
		81E9ED5D2B05F25C00A258A8 /* Nunito-Black.ttf in Resources */ = {isa = PBXBuildFile; fileRef = 81E9ED572B05F25C00A258A8 /* Nunito-Black.ttf */; };
		81E9ED5E2B05F25C00A258A8 /* Nunito-SemiBold.ttf in Resources */ = {isa = PBXBuildFile; fileRef = 81E9ED582B05F25C00A258A8 /* Nunito-SemiBold.ttf */; };
		81E9ED5F2B05F25C00A258A8 /* Nunito-Medium.ttf in Resources */ = {isa = PBXBuildFile; fileRef = 81E9ED592B05F25C00A258A8 /* Nunito-Medium.ttf */; };
		81E9ED602B05F25C00A258A8 /* Nunito-Light.ttf in Resources */ = {isa = PBXBuildFile; fileRef = 81E9ED5A2B05F25C00A258A8 /* Nunito-Light.ttf */; };
		81E9ED612B05F25C00A258A8 /* Nunito-Bold.ttf in Resources */ = {isa = PBXBuildFile; fileRef = 81E9ED5B2B05F25C00A258A8 /* Nunito-Bold.ttf */; };
		81E9ED622B05F25C00A258A8 /* Nunito-Regular.ttf in Resources */ = {isa = PBXBuildFile; fileRef = 81E9ED5C2B05F25C00A258A8 /* Nunito-Regular.ttf */; };
		81E9ED662B05F61B00A258A8 /* Lato-Bold.ttf in Resources */ = {isa = PBXBuildFile; fileRef = 81E9ED642B05F61A00A258A8 /* Lato-Bold.ttf */; };
		81E9ED672B05F61B00A258A8 /* Lato-Regular.ttf in Resources */ = {isa = PBXBuildFile; fileRef = 81E9ED652B05F61B00A258A8 /* Lato-Regular.ttf */; };
		81E9ED692B06E0B800A258A8 /* TaskDetailView.swift in Sources */ = {isa = PBXBuildFile; fileRef = 81E9ED682B06E0B800A258A8 /* TaskDetailView.swift */; };
		81EC60C12AFE024000A1B753 /* GraphView.swift in Sources */ = {isa = PBXBuildFile; fileRef = 81EC60C02AFE024000A1B753 /* GraphView.swift */; };
		8A41F2B62B07FE5A00997667 /* CommentDetailView.swift in Sources */ = {isa = PBXBuildFile; fileRef = 8A41F2B52B07FE5A00997667 /* CommentDetailView.swift */; };
		8A5AC67C2AFDAD890015A7B0 /* MessageCard.swift in Sources */ = {isa = PBXBuildFile; fileRef = 8A5AC67B2AFDAD890015A7B0 /* MessageCard.swift */; };
		8A61D96F2B1DC318003A3494 /* MCEmojiPicker in Frameworks */ = {isa = PBXBuildFile; productRef = 8A61D96E2B1DC318003A3494 /* MCEmojiPicker */; };
		8A6AD4E12AFB534400A6DF85 /* FirebaseAuth in Frameworks */ = {isa = PBXBuildFile; productRef = 8A6AD4E02AFB534400A6DF85 /* FirebaseAuth */; };
		8A6AD4E32AFB534400A6DF85 /* FirebaseAuthCombine-Community in Frameworks */ = {isa = PBXBuildFile; productRef = 8A6AD4E22AFB534400A6DF85 /* FirebaseAuthCombine-Community */; };
		8A6AD4E52AFB534400A6DF85 /* FirebaseDatabase in Frameworks */ = {isa = PBXBuildFile; productRef = 8A6AD4E42AFB534400A6DF85 /* FirebaseDatabase */; };
		8A6AD4E72AFB534400A6DF85 /* FirebaseDatabaseSwift in Frameworks */ = {isa = PBXBuildFile; productRef = 8A6AD4E62AFB534400A6DF85 /* FirebaseDatabaseSwift */; };
		8A6AD4E92AFB534400A6DF85 /* FirebaseFirestore in Frameworks */ = {isa = PBXBuildFile; productRef = 8A6AD4E82AFB534400A6DF85 /* FirebaseFirestore */; };
		8A6AD4EB2AFB534400A6DF85 /* FirebaseFirestoreCombine-Community in Frameworks */ = {isa = PBXBuildFile; productRef = 8A6AD4EA2AFB534400A6DF85 /* FirebaseFirestoreCombine-Community */; };
		8A6AD4ED2AFB534400A6DF85 /* FirebaseFirestoreSwift in Frameworks */ = {isa = PBXBuildFile; productRef = 8A6AD4EC2AFB534400A6DF85 /* FirebaseFirestoreSwift */; };
		8A6AD4EF2AFB534400A6DF85 /* FirebaseStorage in Frameworks */ = {isa = PBXBuildFile; productRef = 8A6AD4EE2AFB534400A6DF85 /* FirebaseStorage */; };
		8A6AD4F12AFB534400A6DF85 /* FirebaseStorageCombine-Community in Frameworks */ = {isa = PBXBuildFile; productRef = 8A6AD4F02AFB534400A6DF85 /* FirebaseStorageCombine-Community */; };
		8A7F0AC02AFD407900F7B76B /* UserViewModel.swift in Sources */ = {isa = PBXBuildFile; fileRef = 8A7F0ABF2AFD407900F7B76B /* UserViewModel.swift */; };
		8AA3B8B92AF9D4680064CFD6 /* FirebaseAnalytics in Frameworks */ = {isa = PBXBuildFile; productRef = 8AA3B8B82AF9D4680064CFD6 /* FirebaseAnalytics */; };
		8AA3B8BB2AF9D4680064CFD6 /* FirebaseAnalyticsOnDeviceConversion in Frameworks */ = {isa = PBXBuildFile; productRef = 8AA3B8BA2AF9D4680064CFD6 /* FirebaseAnalyticsOnDeviceConversion */; };
		8AA3B8BD2AF9D4680064CFD6 /* FirebaseAnalyticsSwift in Frameworks */ = {isa = PBXBuildFile; productRef = 8AA3B8BC2AF9D4680064CFD6 /* FirebaseAnalyticsSwift */; };
		8AA3B8BF2AF9D4680064CFD6 /* FirebaseAnalyticsWithoutAdIdSupport in Frameworks */ = {isa = PBXBuildFile; productRef = 8AA3B8BE2AF9D4680064CFD6 /* FirebaseAnalyticsWithoutAdIdSupport */; };
		8AA3B8C12AF9D4680064CFD6 /* FirebaseAppCheck in Frameworks */ = {isa = PBXBuildFile; productRef = 8AA3B8C02AF9D4680064CFD6 /* FirebaseAppCheck */; };
		8AA3B8C32AF9D4680064CFD6 /* FirebaseAppDistribution-Beta in Frameworks */ = {isa = PBXBuildFile; productRef = 8AA3B8C22AF9D4680064CFD6 /* FirebaseAppDistribution-Beta */; };
		8AA3B8C52AF9D4680064CFD6 /* FirebaseAuth in Frameworks */ = {isa = PBXBuildFile; productRef = 8AA3B8C42AF9D4680064CFD6 /* FirebaseAuth */; };
		8AA3B8C72AF9D4680064CFD6 /* FirebaseAuthCombine-Community in Frameworks */ = {isa = PBXBuildFile; productRef = 8AA3B8C62AF9D4680064CFD6 /* FirebaseAuthCombine-Community */; };
		8AA3B8C92AF9D4680064CFD6 /* FirebaseCrashlytics in Frameworks */ = {isa = PBXBuildFile; productRef = 8AA3B8C82AF9D4680064CFD6 /* FirebaseCrashlytics */; };
		8AA3B8CB2AF9D4680064CFD6 /* FirebaseDatabase in Frameworks */ = {isa = PBXBuildFile; productRef = 8AA3B8CA2AF9D4680064CFD6 /* FirebaseDatabase */; };
		8AA3B8CD2AF9D4680064CFD6 /* FirebaseDatabaseSwift in Frameworks */ = {isa = PBXBuildFile; productRef = 8AA3B8CC2AF9D4680064CFD6 /* FirebaseDatabaseSwift */; };
		8AA3B8CF2AF9D4680064CFD6 /* FirebaseDynamicLinks in Frameworks */ = {isa = PBXBuildFile; productRef = 8AA3B8CE2AF9D4680064CFD6 /* FirebaseDynamicLinks */; };
		8AA3B8D12AF9D4680064CFD6 /* FirebaseFirestore in Frameworks */ = {isa = PBXBuildFile; productRef = 8AA3B8D02AF9D4680064CFD6 /* FirebaseFirestore */; };
		8AA3B8D32AF9D4680064CFD6 /* FirebaseFirestoreCombine-Community in Frameworks */ = {isa = PBXBuildFile; productRef = 8AA3B8D22AF9D4680064CFD6 /* FirebaseFirestoreCombine-Community */; };
		8AA3B8D52AF9D4680064CFD6 /* FirebaseFirestoreSwift in Frameworks */ = {isa = PBXBuildFile; productRef = 8AA3B8D42AF9D4680064CFD6 /* FirebaseFirestoreSwift */; };
		8AA3B8D72AF9D4680064CFD6 /* FirebaseFunctions in Frameworks */ = {isa = PBXBuildFile; productRef = 8AA3B8D62AF9D4680064CFD6 /* FirebaseFunctions */; };
		8AA3B8D92AF9D4680064CFD6 /* FirebaseFunctionsCombine-Community in Frameworks */ = {isa = PBXBuildFile; productRef = 8AA3B8D82AF9D4680064CFD6 /* FirebaseFunctionsCombine-Community */; };
		8AA3B8DB2AF9D4680064CFD6 /* FirebaseInAppMessaging-Beta in Frameworks */ = {isa = PBXBuildFile; productRef = 8AA3B8DA2AF9D4680064CFD6 /* FirebaseInAppMessaging-Beta */; };
		8AA3B8DD2AF9D4680064CFD6 /* FirebaseInAppMessagingSwift-Beta in Frameworks */ = {isa = PBXBuildFile; productRef = 8AA3B8DC2AF9D4680064CFD6 /* FirebaseInAppMessagingSwift-Beta */; };
		8AA3B8DF2AF9D4680064CFD6 /* FirebaseInstallations in Frameworks */ = {isa = PBXBuildFile; productRef = 8AA3B8DE2AF9D4680064CFD6 /* FirebaseInstallations */; };
		8AA3B8E12AF9D4680064CFD6 /* FirebaseMLModelDownloader in Frameworks */ = {isa = PBXBuildFile; productRef = 8AA3B8E02AF9D4680064CFD6 /* FirebaseMLModelDownloader */; };
		8AA3B8E32AF9D4680064CFD6 /* FirebaseMessaging in Frameworks */ = {isa = PBXBuildFile; productRef = 8AA3B8E22AF9D4680064CFD6 /* FirebaseMessaging */; };
		8AA3B8E52AF9D4680064CFD6 /* FirebasePerformance in Frameworks */ = {isa = PBXBuildFile; productRef = 8AA3B8E42AF9D4680064CFD6 /* FirebasePerformance */; };
		8AA3B8E72AF9D4680064CFD6 /* FirebaseRemoteConfig in Frameworks */ = {isa = PBXBuildFile; productRef = 8AA3B8E62AF9D4680064CFD6 /* FirebaseRemoteConfig */; };
		8AA3B8E92AF9D4680064CFD6 /* FirebaseRemoteConfigSwift in Frameworks */ = {isa = PBXBuildFile; productRef = 8AA3B8E82AF9D4680064CFD6 /* FirebaseRemoteConfigSwift */; };
		8AA3B8EB2AF9D4680064CFD6 /* FirebaseStorage in Frameworks */ = {isa = PBXBuildFile; productRef = 8AA3B8EA2AF9D4680064CFD6 /* FirebaseStorage */; };
		8AA3B8ED2AF9D4680064CFD6 /* FirebaseStorageCombine-Community in Frameworks */ = {isa = PBXBuildFile; productRef = 8AA3B8EC2AF9D4680064CFD6 /* FirebaseStorageCombine-Community */; };
		8AB780D52B06EEDF0072B065 /* CommentListView.swift in Sources */ = {isa = PBXBuildFile; fileRef = 8AB780D42B06EEDF0072B065 /* CommentListView.swift */; };
		8AD6ED092AF1969C006B56B6 /* housematesApp.swift in Sources */ = {isa = PBXBuildFile; fileRef = 8AD6ED082AF1969C006B56B6 /* housematesApp.swift */; };
		8AD6ED0B2AF1969C006B56B6 /* ContentView.swift in Sources */ = {isa = PBXBuildFile; fileRef = 8AD6ED0A2AF1969C006B56B6 /* ContentView.swift */; };
		8AD6ED0D2AF1969D006B56B6 /* Assets.xcassets in Resources */ = {isa = PBXBuildFile; fileRef = 8AD6ED0C2AF1969D006B56B6 /* Assets.xcassets */; };
		8AD6ED102AF1969D006B56B6 /* Preview Assets.xcassets in Resources */ = {isa = PBXBuildFile; fileRef = 8AD6ED0F2AF1969D006B56B6 /* Preview Assets.xcassets */; };
		8AD6ED172AF196E8006B56B6 /* GoogleService-Info.plist in Resources */ = {isa = PBXBuildFile; fileRef = 8AD6ED162AF196E8006B56B6 /* GoogleService-Info.plist */; };
		8AD6ED1D2AF1975F006B56B6 /* User.swift in Sources */ = {isa = PBXBuildFile; fileRef = 8AD6ED1C2AF1975F006B56B6 /* User.swift */; };
		8AD6ED1F2AF1977D006B56B6 /* Group.swift in Sources */ = {isa = PBXBuildFile; fileRef = 8AD6ED1E2AF1977D006B56B6 /* Group.swift */; };
		8AD6ED212AF19796006B56B6 /* Task.swift in Sources */ = {isa = PBXBuildFile; fileRef = 8AD6ED202AF19796006B56B6 /* Task.swift */; };
		8AD6ED242AF197BD006B56B6 /* Post.swift in Sources */ = {isa = PBXBuildFile; fileRef = 8AD6ED232AF197BD006B56B6 /* Post.swift */; };
		8AD6ED262AF197D3006B56B6 /* Amentity.swift in Sources */ = {isa = PBXBuildFile; fileRef = 8AD6ED252AF197D3006B56B6 /* Amentity.swift */; };
		8AD6ED292AF1980D006B56B6 /* GroupDataRepository.swift in Sources */ = {isa = PBXBuildFile; fileRef = 8AD6ED282AF1980D006B56B6 /* GroupDataRepository.swift */; };
		8AD6ED2B2AF19832006B56B6 /* PostDataRepository.swift in Sources */ = {isa = PBXBuildFile; fileRef = 8AD6ED2A2AF19832006B56B6 /* PostDataRepository.swift */; };
		8AD6ED2E2AF1991F006B56B6 /* FirebaseAuth in Frameworks */ = {isa = PBXBuildFile; productRef = 8AD6ED2D2AF1991F006B56B6 /* FirebaseAuth */; };
		8AD6ED302AF1991F006B56B6 /* FirebaseAuthCombine-Community in Frameworks */ = {isa = PBXBuildFile; productRef = 8AD6ED2F2AF1991F006B56B6 /* FirebaseAuthCombine-Community */; };
		8AD6ED322AF1991F006B56B6 /* FirebaseDatabase in Frameworks */ = {isa = PBXBuildFile; productRef = 8AD6ED312AF1991F006B56B6 /* FirebaseDatabase */; };
		8AD6ED342AF1991F006B56B6 /* FirebaseDatabaseSwift in Frameworks */ = {isa = PBXBuildFile; productRef = 8AD6ED332AF1991F006B56B6 /* FirebaseDatabaseSwift */; };
		8AD6ED362AF1991F006B56B6 /* FirebaseFirestore in Frameworks */ = {isa = PBXBuildFile; productRef = 8AD6ED352AF1991F006B56B6 /* FirebaseFirestore */; };
		8AD6ED382AF1991F006B56B6 /* FirebaseFirestoreCombine-Community in Frameworks */ = {isa = PBXBuildFile; productRef = 8AD6ED372AF1991F006B56B6 /* FirebaseFirestoreCombine-Community */; };
		8AD6ED3A2AF1991F006B56B6 /* FirebaseFirestoreSwift in Frameworks */ = {isa = PBXBuildFile; productRef = 8AD6ED392AF1991F006B56B6 /* FirebaseFirestoreSwift */; };
		8AE4D8762B1D7FF60073DBD8 /* Emoji.swift in Sources */ = {isa = PBXBuildFile; fileRef = 8AE4D8752B1D7FF60073DBD8 /* Emoji.swift */; };
		8AE8FF952AF41101003AD997 /* LoginView.swift in Sources */ = {isa = PBXBuildFile; fileRef = 8AE8FF942AF41101003AD997 /* LoginView.swift */; };
		8AE8FF972AF4110E003AD997 /* RegistrationView.swift in Sources */ = {isa = PBXBuildFile; fileRef = 8AE8FF962AF4110E003AD997 /* RegistrationView.swift */; };
		8AE8FF992AF4113B003AD997 /* AuthContentView.swift in Sources */ = {isa = PBXBuildFile; fileRef = 8AE8FF982AF4113B003AD997 /* AuthContentView.swift */; };
		8AE8FF9B2AF4114B003AD997 /* InputView.swift in Sources */ = {isa = PBXBuildFile; fileRef = 8AE8FF9A2AF4114B003AD997 /* InputView.swift */; };
		8AE8FF9D2AF41F1A003AD997 /* TabBar.swift in Sources */ = {isa = PBXBuildFile; fileRef = 8AE8FF9C2AF41F1A003AD997 /* TabBar.swift */; };
		8AE8FF9F2AF41F2B003AD997 /* HomeView.swift in Sources */ = {isa = PBXBuildFile; fileRef = 8AE8FF9E2AF41F2B003AD997 /* HomeView.swift */; };
		8AE8FFA12AF41F36003AD997 /* AmenityView.swift in Sources */ = {isa = PBXBuildFile; fileRef = 8AE8FFA02AF41F36003AD997 /* AmenityView.swift */; };
		8AE8FFA32AF41F47003AD997 /* TaskBoardView.swift in Sources */ = {isa = PBXBuildFile; fileRef = 8AE8FFA22AF41F47003AD997 /* TaskBoardView.swift */; };
		8AE8FFA52AF41F6B003AD997 /* ProfileView.swift in Sources */ = {isa = PBXBuildFile; fileRef = 8AE8FFA42AF41F6B003AD997 /* ProfileView.swift */; };
		8AEE050B2B0423A80030A6E0 /* PostViewModel.swift in Sources */ = {isa = PBXBuildFile; fileRef = 8AEE050A2B0423A80030A6E0 /* PostViewModel.swift */; };
		8AEE92CE2AF19978006AECD3 /* Comment.swift in Sources */ = {isa = PBXBuildFile; fileRef = 8AEE92CD2AF19978006AECD3 /* Comment.swift */; };
		8AEE92D02AF1EF1F006AECD3 /* AuthViewModel.swift in Sources */ = {isa = PBXBuildFile; fileRef = 8AEE92CF2AF1EF1F006AECD3 /* AuthViewModel.swift */; };
		8AEE92D22AF1F856006AECD3 /* UserDataRepository.swift in Sources */ = {isa = PBXBuildFile; fileRef = 8AEE92D12AF1F856006AECD3 /* UserDataRepository.swift */; };
		8AEF99032B1BFE2000C68907 /* PostPictureView.swift in Sources */ = {isa = PBXBuildFile; fileRef = 8AEF99022B1BFE2000C68907 /* PostPictureView.swift */; };
		8AF0A3F72AF9D40B00A79110 /* FirebaseAppDistribution-Beta in Frameworks */ = {isa = PBXBuildFile; productRef = 8AF0A3F62AF9D40B00A79110 /* FirebaseAppDistribution-Beta */; };
		8AF0A3F92AF9D40B00A79110 /* FirebaseAuth in Frameworks */ = {isa = PBXBuildFile; productRef = 8AF0A3F82AF9D40B00A79110 /* FirebaseAuth */; };
		8AF0A3FB2AF9D40B00A79110 /* FirebaseAuthCombine-Community in Frameworks */ = {isa = PBXBuildFile; productRef = 8AF0A3FA2AF9D40B00A79110 /* FirebaseAuthCombine-Community */; };
		8AF0A3FD2AF9D40B00A79110 /* FirebaseCrashlytics in Frameworks */ = {isa = PBXBuildFile; productRef = 8AF0A3FC2AF9D40B00A79110 /* FirebaseCrashlytics */; };
		8AF0A3FF2AF9D40B00A79110 /* FirebaseDatabase in Frameworks */ = {isa = PBXBuildFile; productRef = 8AF0A3FE2AF9D40B00A79110 /* FirebaseDatabase */; };
		8AF0A4012AF9D40B00A79110 /* FirebaseDatabaseSwift in Frameworks */ = {isa = PBXBuildFile; productRef = 8AF0A4002AF9D40B00A79110 /* FirebaseDatabaseSwift */; };
		8AF0A4032AF9D40B00A79110 /* FirebaseFirestore in Frameworks */ = {isa = PBXBuildFile; productRef = 8AF0A4022AF9D40B00A79110 /* FirebaseFirestore */; };
		8AF0A4052AF9D40B00A79110 /* FirebaseFirestoreCombine-Community in Frameworks */ = {isa = PBXBuildFile; productRef = 8AF0A4042AF9D40B00A79110 /* FirebaseFirestoreCombine-Community */; };
		8AF0A4072AF9D40B00A79110 /* FirebaseFirestoreSwift in Frameworks */ = {isa = PBXBuildFile; productRef = 8AF0A4062AF9D40B00A79110 /* FirebaseFirestoreSwift */; };
		8AF0A4092AF9D40B00A79110 /* FirebaseStorage in Frameworks */ = {isa = PBXBuildFile; productRef = 8AF0A4082AF9D40B00A79110 /* FirebaseStorage */; };
		8AF0A40B2AF9D40B00A79110 /* FirebaseStorageCombine-Community in Frameworks */ = {isa = PBXBuildFile; productRef = 8AF0A40A2AF9D40B00A79110 /* FirebaseStorageCombine-Community */; };
		8AF358402AF4B17A0009B93C /* JoinCreateGroupView.swift in Sources */ = {isa = PBXBuildFile; fileRef = 8AF3583F2AF4B17A0009B93C /* JoinCreateGroupView.swift */; };
		8AF358422AF4B2BA0009B93C /* JoinGroupView.swift in Sources */ = {isa = PBXBuildFile; fileRef = 8AF358412AF4B2BA0009B93C /* JoinGroupView.swift */; };
		8AF358442AF4B2E20009B93C /* CreateGroupView.swift in Sources */ = {isa = PBXBuildFile; fileRef = 8AF358432AF4B2E20009B93C /* CreateGroupView.swift */; };
		8AF549582B0584C800EB28CC /* AddPostView.swift in Sources */ = {isa = PBXBuildFile; fileRef = 8AF549572B0584C800EB28CC /* AddPostView.swift */; };
		8AF5495A2B0585C300EB28CC /* PostDetailView.swift in Sources */ = {isa = PBXBuildFile; fileRef = 8AF549592B0585C300EB28CC /* PostDetailView.swift */; };
		AD95E0E02B168AD700577DAB /* CameraView.swift in Sources */ = {isa = PBXBuildFile; fileRef = AD95E0DF2B168AD700577DAB /* CameraView.swift */; };
		ADD11A642AFAFA3B001861A0 /* TaskViewModel.swift in Sources */ = {isa = PBXBuildFile; fileRef = ADD11A632AFAFA3A001861A0 /* TaskViewModel.swift */; };
		ADD11A662AFAFA54001861A0 /* TaskDataRepository.swift in Sources */ = {isa = PBXBuildFile; fileRef = ADD11A652AFAFA54001861A0 /* TaskDataRepository.swift */; };
		ADD11A682AFC3FCB001861A0 /* AddTaskView.swift in Sources */ = {isa = PBXBuildFile; fileRef = ADD11A672AFC3FCB001861A0 /* AddTaskView.swift */; };
		C171E1FB2B1E408100AE41EC /* NewWave.swift in Sources */ = {isa = PBXBuildFile; fileRef = C171E1FA2B1E408100AE41EC /* NewWave.swift */; };
		C171E1FD2B1E7DDB00AE41EC /* taskCard.swift in Sources */ = {isa = PBXBuildFile; fileRef = C171E1FC2B1E7DDB00AE41EC /* taskCard.swift */; };
/* End PBXBuildFile section */

/* Begin PBXContainerItemProxy section */
		51D094AB2AFC739800935664 /* PBXContainerItemProxy */ = {
			isa = PBXContainerItemProxy;
			containerPortal = 8AD6ECFD2AF1969C006B56B6 /* Project object */;
			proxyType = 1;
			remoteGlobalIDString = 8AD6ED042AF1969C006B56B6;
			remoteInfo = housemates;
		};
/* End PBXContainerItemProxy section */

/* Begin PBXFileReference section */
		512246742B034E6B006C3F23 /* FlashcardComponent.swift */ = {isa = PBXFileReference; lastKnownFileType = sourcecode.swift; path = FlashcardComponent.swift; sourceTree = "<group>"; };
		5125D3342B016C4C00E9E623 /* HousemateProfileButton.swift */ = {isa = PBXFileReference; lastKnownFileType = sourcecode.swift; path = HousemateProfileButton.swift; sourceTree = "<group>"; };
		5138709E2AF562DD007A83B4 /* HousemateProfileView.swift */ = {isa = PBXFileReference; lastKnownFileType = sourcecode.swift; path = HousemateProfileView.swift; sourceTree = "<group>"; };
		5155A1792AFDC6D500832E51 /* AllHousematesCard.swift */ = {isa = PBXFileReference; lastKnownFileType = sourcecode.swift; path = AllHousematesCard.swift; sourceTree = "<group>"; };
		5155A17B2AFDC6ED00832E51 /* AllHousematesView.swift */ = {isa = PBXFileReference; lastKnownFileType = sourcecode.swift; path = AllHousematesView.swift; sourceTree = "<group>"; };
		515939CF2AFF31C0004C31BB /* TaskSelectionBox.swift */ = {isa = PBXFileReference; lastKnownFileType = sourcecode.swift; path = TaskSelectionBox.swift; sourceTree = "<group>"; };
		515939D12AFF3609004C31BB /* TaskSelectionView.swift */ = {isa = PBXFileReference; lastKnownFileType = sourcecode.swift; path = TaskSelectionView.swift; sourceTree = "<group>"; };
		515939D32AFF37B2004C31BB /* TaskData.swift */ = {isa = PBXFileReference; lastKnownFileType = sourcecode.swift; path = TaskData.swift; sourceTree = "<group>"; };
		51802D8A2B08CD4300B4EE9A /* FirstNameView.swift */ = {isa = PBXFileReference; lastKnownFileType = sourcecode.swift; path = FirstNameView.swift; sourceTree = "<group>"; };
		51802D8C2B08CE4C00B4EE9A /* LastNameView.swift */ = {isa = PBXFileReference; lastKnownFileType = sourcecode.swift; path = LastNameView.swift; sourceTree = "<group>"; };
		51802D8E2B08CE6900B4EE9A /* DateOfBirthView.swift */ = {isa = PBXFileReference; lastKnownFileType = sourcecode.swift; path = DateOfBirthView.swift; sourceTree = "<group>"; };
		51802D902B08CE7400B4EE9A /* PhoneNumberView.swift */ = {isa = PBXFileReference; lastKnownFileType = sourcecode.swift; path = PhoneNumberView.swift; sourceTree = "<group>"; };
		51802D922B08CE8100B4EE9A /* EmailView.swift */ = {isa = PBXFileReference; lastKnownFileType = sourcecode.swift; path = EmailView.swift; sourceTree = "<group>"; };
		51802D942B08CE8A00B4EE9A /* PasswordView.swift */ = {isa = PBXFileReference; lastKnownFileType = sourcecode.swift; path = PasswordView.swift; sourceTree = "<group>"; };
		51802D962B08D33E00B4EE9A /* ProgressBar.swift */ = {isa = PBXFileReference; lastKnownFileType = sourcecode.swift; path = ProgressBar.swift; sourceTree = "<group>"; };
		5188F2232B02AC47001B1AA0 /* GroupViewModel.swift */ = {isa = PBXFileReference; lastKnownFileType = sourcecode.swift; path = GroupViewModel.swift; sourceTree = "<group>"; };
		5188F2252B030DAF001B1AA0 /* HousemateCircleComponent.swift */ = {isa = PBXFileReference; lastKnownFileType = sourcecode.swift; path = HousemateCircleComponent.swift; sourceTree = "<group>"; };
		5188F2272B031298001B1AA0 /* PostRowView.swift */ = {isa = PBXFileReference; lastKnownFileType = sourcecode.swift; path = PostRowView.swift; sourceTree = "<group>"; };
		51B20F372AFACD8E006FC5F7 /* JoinCreateCard.swift */ = {isa = PBXFileReference; lastKnownFileType = sourcecode.swift; path = JoinCreateCard.swift; sourceTree = "<group>"; };
		51B397672B01FB8000A0AF2A /* NewInputView.swift */ = {isa = PBXFileReference; lastKnownFileType = sourcecode.swift; path = NewInputView.swift; sourceTree = "<group>"; };
		51B397692B01FF2600A0AF2A /* SliderPicker.swift */ = {isa = PBXFileReference; lastKnownFileType = sourcecode.swift; path = SliderPicker.swift; sourceTree = "<group>"; };
		51D094A72AFC739800935664 /* housematesTests.xctest */ = {isa = PBXFileReference; explicitFileType = wrapper.cfbundle; includeInIndex = 0; path = housematesTests.xctest; sourceTree = BUILT_PRODUCTS_DIR; };
		51D094A92AFC739800935664 /* housematesTests.swift */ = {isa = PBXFileReference; lastKnownFileType = sourcecode.swift; path = housematesTests.swift; sourceTree = "<group>"; };
		51D094B02AFC740300935664 /* userModelTests.swift */ = {isa = PBXFileReference; lastKnownFileType = sourcecode.swift; path = userModelTests.swift; sourceTree = "<group>"; };
		51D094B22AFC747600935664 /* GroupModelTests.swift */ = {isa = PBXFileReference; lastKnownFileType = sourcecode.swift; path = GroupModelTests.swift; sourceTree = "<group>"; };
		51D094B42AFC74D700935664 /* taskModelTests.swift */ = {isa = PBXFileReference; lastKnownFileType = sourcecode.swift; path = taskModelTests.swift; sourceTree = "<group>"; };
		51D094B62AFC754300935664 /* postModelTests.swift */ = {isa = PBXFileReference; lastKnownFileType = sourcecode.swift; path = postModelTests.swift; sourceTree = "<group>"; };
		51D094B82AFC75A100935664 /* amenityModelTests.swift */ = {isa = PBXFileReference; lastKnownFileType = sourcecode.swift; path = amenityModelTests.swift; sourceTree = "<group>"; };
		51D094BA2AFC760000935664 /* commentModelTests.swift */ = {isa = PBXFileReference; lastKnownFileType = sourcecode.swift; path = commentModelTests.swift; sourceTree = "<group>"; };
		51D9B3322B06AB470091EBCD /* startView.swift */ = {isa = PBXFileReference; lastKnownFileType = sourcecode.swift; path = startView.swift; sourceTree = "<group>"; };
		51EA51E62B09950F0098D342 /* GroupNameView.swift */ = {isa = PBXFileReference; lastKnownFileType = sourcecode.swift; path = GroupNameView.swift; sourceTree = "<group>"; };
		51EA51E82B09951A0098D342 /* GroupAddressView.swift */ = {isa = PBXFileReference; lastKnownFileType = sourcecode.swift; path = GroupAddressView.swift; sourceTree = "<group>"; };
		816C30272AF49D59004F1771 /* TaskView.swift */ = {isa = PBXFileReference; lastKnownFileType = sourcecode.swift; path = TaskView.swift; sourceTree = "<group>"; };
		81CF29DF2AFEDA1E00748D58 /* TaskHousematesView.swift */ = {isa = PBXFileReference; lastKnownFileType = sourcecode.swift; path = TaskHousematesView.swift; sourceTree = "<group>"; };
		81CF29E12AFF56C400748D58 /* FilterView.swift */ = {isa = PBXFileReference; lastKnownFileType = sourcecode.swift; path = FilterView.swift; sourceTree = "<group>"; };
		81DBF1982B1E4AD1002DF472 /* DashboardView.swift */ = {isa = PBXFileReference; lastKnownFileType = sourcecode.swift; path = DashboardView.swift; sourceTree = "<group>"; };
		81DBF19A2B1E4AE1002DF472 /* DateValue.swift */ = {isa = PBXFileReference; lastKnownFileType = sourcecode.swift; path = DateValue.swift; sourceTree = "<group>"; };
		81E9ED522B05EDA000A258A8 /* Font.swift */ = {isa = PBXFileReference; lastKnownFileType = sourcecode.swift; path = Font.swift; sourceTree = "<group>"; };
		81E9ED552B05F15500A258A8 /* Nunito-VariableFont_wght.ttf */ = {isa = PBXFileReference; lastKnownFileType = file; path = "Nunito-VariableFont_wght.ttf"; sourceTree = "<group>"; };
		81E9ED572B05F25C00A258A8 /* Nunito-Black.ttf */ = {isa = PBXFileReference; lastKnownFileType = file; path = "Nunito-Black.ttf"; sourceTree = "<group>"; };
		81E9ED582B05F25C00A258A8 /* Nunito-SemiBold.ttf */ = {isa = PBXFileReference; lastKnownFileType = file; path = "Nunito-SemiBold.ttf"; sourceTree = "<group>"; };
		81E9ED592B05F25C00A258A8 /* Nunito-Medium.ttf */ = {isa = PBXFileReference; lastKnownFileType = file; path = "Nunito-Medium.ttf"; sourceTree = "<group>"; };
		81E9ED5A2B05F25C00A258A8 /* Nunito-Light.ttf */ = {isa = PBXFileReference; lastKnownFileType = file; path = "Nunito-Light.ttf"; sourceTree = "<group>"; };
		81E9ED5B2B05F25C00A258A8 /* Nunito-Bold.ttf */ = {isa = PBXFileReference; lastKnownFileType = file; path = "Nunito-Bold.ttf"; sourceTree = "<group>"; };
		81E9ED5C2B05F25C00A258A8 /* Nunito-Regular.ttf */ = {isa = PBXFileReference; lastKnownFileType = file; path = "Nunito-Regular.ttf"; sourceTree = "<group>"; };
		81E9ED632B05F4E700A258A8 /* Info.plist */ = {isa = PBXFileReference; lastKnownFileType = text.plist; path = Info.plist; sourceTree = "<group>"; };
		81E9ED642B05F61A00A258A8 /* Lato-Bold.ttf */ = {isa = PBXFileReference; lastKnownFileType = file; path = "Lato-Bold.ttf"; sourceTree = "<group>"; };
		81E9ED652B05F61B00A258A8 /* Lato-Regular.ttf */ = {isa = PBXFileReference; lastKnownFileType = file; path = "Lato-Regular.ttf"; sourceTree = "<group>"; };
		81E9ED682B06E0B800A258A8 /* TaskDetailView.swift */ = {isa = PBXFileReference; lastKnownFileType = sourcecode.swift; path = TaskDetailView.swift; sourceTree = "<group>"; };
		81EC60C02AFE024000A1B753 /* GraphView.swift */ = {isa = PBXFileReference; lastKnownFileType = sourcecode.swift; path = GraphView.swift; sourceTree = "<group>"; };
		8A41F2B52B07FE5A00997667 /* CommentDetailView.swift */ = {isa = PBXFileReference; lastKnownFileType = sourcecode.swift; path = CommentDetailView.swift; sourceTree = "<group>"; };
		8A5AC67B2AFDAD890015A7B0 /* MessageCard.swift */ = {isa = PBXFileReference; lastKnownFileType = sourcecode.swift; path = MessageCard.swift; sourceTree = "<group>"; };
		8A7F0ABF2AFD407900F7B76B /* UserViewModel.swift */ = {isa = PBXFileReference; lastKnownFileType = sourcecode.swift; path = UserViewModel.swift; sourceTree = "<group>"; };
		8AB780D42B06EEDF0072B065 /* CommentListView.swift */ = {isa = PBXFileReference; lastKnownFileType = sourcecode.swift; path = CommentListView.swift; sourceTree = "<group>"; };
		8AD6ED052AF1969C006B56B6 /* housemates.app */ = {isa = PBXFileReference; explicitFileType = wrapper.application; includeInIndex = 0; path = housemates.app; sourceTree = BUILT_PRODUCTS_DIR; };
		8AD6ED082AF1969C006B56B6 /* housematesApp.swift */ = {isa = PBXFileReference; lastKnownFileType = sourcecode.swift; path = housematesApp.swift; sourceTree = "<group>"; };
		8AD6ED0A2AF1969C006B56B6 /* ContentView.swift */ = {isa = PBXFileReference; lastKnownFileType = sourcecode.swift; path = ContentView.swift; sourceTree = "<group>"; };
		8AD6ED0C2AF1969D006B56B6 /* Assets.xcassets */ = {isa = PBXFileReference; lastKnownFileType = folder.assetcatalog; path = Assets.xcassets; sourceTree = "<group>"; };
		8AD6ED0F2AF1969D006B56B6 /* Preview Assets.xcassets */ = {isa = PBXFileReference; lastKnownFileType = folder.assetcatalog; path = "Preview Assets.xcassets"; sourceTree = "<group>"; };
		8AD6ED162AF196E8006B56B6 /* GoogleService-Info.plist */ = {isa = PBXFileReference; fileEncoding = 4; lastKnownFileType = text.plist.xml; path = "GoogleService-Info.plist"; sourceTree = "<group>"; };
		8AD6ED1C2AF1975F006B56B6 /* User.swift */ = {isa = PBXFileReference; lastKnownFileType = sourcecode.swift; path = User.swift; sourceTree = "<group>"; };
		8AD6ED1E2AF1977D006B56B6 /* Group.swift */ = {isa = PBXFileReference; lastKnownFileType = sourcecode.swift; path = Group.swift; sourceTree = "<group>"; };
		8AD6ED202AF19796006B56B6 /* Task.swift */ = {isa = PBXFileReference; lastKnownFileType = sourcecode.swift; path = Task.swift; sourceTree = "<group>"; };
		8AD6ED232AF197BD006B56B6 /* Post.swift */ = {isa = PBXFileReference; lastKnownFileType = sourcecode.swift; path = Post.swift; sourceTree = "<group>"; };
		8AD6ED252AF197D3006B56B6 /* Amentity.swift */ = {isa = PBXFileReference; lastKnownFileType = sourcecode.swift; path = Amentity.swift; sourceTree = "<group>"; };
		8AD6ED282AF1980D006B56B6 /* GroupDataRepository.swift */ = {isa = PBXFileReference; lastKnownFileType = sourcecode.swift; path = GroupDataRepository.swift; sourceTree = "<group>"; };
		8AD6ED2A2AF19832006B56B6 /* PostDataRepository.swift */ = {isa = PBXFileReference; lastKnownFileType = sourcecode.swift; path = PostDataRepository.swift; sourceTree = "<group>"; };
		8AE4D8752B1D7FF60073DBD8 /* Emoji.swift */ = {isa = PBXFileReference; lastKnownFileType = sourcecode.swift; path = Emoji.swift; sourceTree = "<group>"; };
		8AE8FF942AF41101003AD997 /* LoginView.swift */ = {isa = PBXFileReference; lastKnownFileType = sourcecode.swift; path = LoginView.swift; sourceTree = "<group>"; };
		8AE8FF962AF4110E003AD997 /* RegistrationView.swift */ = {isa = PBXFileReference; lastKnownFileType = sourcecode.swift; path = RegistrationView.swift; sourceTree = "<group>"; };
		8AE8FF982AF4113B003AD997 /* AuthContentView.swift */ = {isa = PBXFileReference; lastKnownFileType = sourcecode.swift; path = AuthContentView.swift; sourceTree = "<group>"; };
		8AE8FF9A2AF4114B003AD997 /* InputView.swift */ = {isa = PBXFileReference; lastKnownFileType = sourcecode.swift; path = InputView.swift; sourceTree = "<group>"; };
		8AE8FF9C2AF41F1A003AD997 /* TabBar.swift */ = {isa = PBXFileReference; lastKnownFileType = sourcecode.swift; path = TabBar.swift; sourceTree = "<group>"; };
		8AE8FF9E2AF41F2B003AD997 /* HomeView.swift */ = {isa = PBXFileReference; lastKnownFileType = sourcecode.swift; path = HomeView.swift; sourceTree = "<group>"; };
		8AE8FFA02AF41F36003AD997 /* AmenityView.swift */ = {isa = PBXFileReference; lastKnownFileType = sourcecode.swift; path = AmenityView.swift; sourceTree = "<group>"; };
		8AE8FFA22AF41F47003AD997 /* TaskBoardView.swift */ = {isa = PBXFileReference; lastKnownFileType = sourcecode.swift; path = TaskBoardView.swift; sourceTree = "<group>"; };
		8AE8FFA42AF41F6B003AD997 /* ProfileView.swift */ = {isa = PBXFileReference; lastKnownFileType = sourcecode.swift; path = ProfileView.swift; sourceTree = "<group>"; };
		8AEE050A2B0423A80030A6E0 /* PostViewModel.swift */ = {isa = PBXFileReference; lastKnownFileType = sourcecode.swift; path = PostViewModel.swift; sourceTree = "<group>"; };
		8AEE92CD2AF19978006AECD3 /* Comment.swift */ = {isa = PBXFileReference; lastKnownFileType = sourcecode.swift; path = Comment.swift; sourceTree = "<group>"; };
		8AEE92CF2AF1EF1F006AECD3 /* AuthViewModel.swift */ = {isa = PBXFileReference; lastKnownFileType = sourcecode.swift; path = AuthViewModel.swift; sourceTree = "<group>"; };
		8AEE92D12AF1F856006AECD3 /* UserDataRepository.swift */ = {isa = PBXFileReference; lastKnownFileType = sourcecode.swift; path = UserDataRepository.swift; sourceTree = "<group>"; };
		8AEF99022B1BFE2000C68907 /* PostPictureView.swift */ = {isa = PBXFileReference; lastKnownFileType = sourcecode.swift; path = PostPictureView.swift; sourceTree = "<group>"; };
		8AF3583F2AF4B17A0009B93C /* JoinCreateGroupView.swift */ = {isa = PBXFileReference; lastKnownFileType = sourcecode.swift; path = JoinCreateGroupView.swift; sourceTree = "<group>"; };
		8AF358412AF4B2BA0009B93C /* JoinGroupView.swift */ = {isa = PBXFileReference; lastKnownFileType = sourcecode.swift; path = JoinGroupView.swift; sourceTree = "<group>"; };
		8AF358432AF4B2E20009B93C /* CreateGroupView.swift */ = {isa = PBXFileReference; lastKnownFileType = sourcecode.swift; path = CreateGroupView.swift; sourceTree = "<group>"; };
		8AF549572B0584C800EB28CC /* AddPostView.swift */ = {isa = PBXFileReference; lastKnownFileType = sourcecode.swift; path = AddPostView.swift; sourceTree = "<group>"; };
		8AF549592B0585C300EB28CC /* PostDetailView.swift */ = {isa = PBXFileReference; lastKnownFileType = sourcecode.swift; path = PostDetailView.swift; sourceTree = "<group>"; };
		AD95E0DF2B168AD700577DAB /* CameraView.swift */ = {isa = PBXFileReference; lastKnownFileType = sourcecode.swift; path = CameraView.swift; sourceTree = "<group>"; };
		ADD11A632AFAFA3A001861A0 /* TaskViewModel.swift */ = {isa = PBXFileReference; lastKnownFileType = sourcecode.swift; path = TaskViewModel.swift; sourceTree = "<group>"; };
		ADD11A652AFAFA54001861A0 /* TaskDataRepository.swift */ = {isa = PBXFileReference; lastKnownFileType = sourcecode.swift; path = TaskDataRepository.swift; sourceTree = "<group>"; };
		ADD11A672AFC3FCB001861A0 /* AddTaskView.swift */ = {isa = PBXFileReference; lastKnownFileType = sourcecode.swift; path = AddTaskView.swift; sourceTree = "<group>"; };
		C171E1FA2B1E408100AE41EC /* NewWave.swift */ = {isa = PBXFileReference; lastKnownFileType = sourcecode.swift; path = NewWave.swift; sourceTree = "<group>"; };
		C171E1FC2B1E7DDB00AE41EC /* taskCard.swift */ = {isa = PBXFileReference; lastKnownFileType = sourcecode.swift; path = taskCard.swift; sourceTree = "<group>"; };
/* End PBXFileReference section */

/* Begin PBXFrameworksBuildPhase section */
		51D094A42AFC739800935664 /* Frameworks */ = {
			isa = PBXFrameworksBuildPhase;
			buildActionMask = 2147483647;
			files = (
			);
			runOnlyForDeploymentPostprocessing = 0;
		};
		8AD6ED022AF1969C006B56B6 /* Frameworks */ = {
			isa = PBXFrameworksBuildPhase;
			buildActionMask = 2147483647;
			files = (
				8AD6ED342AF1991F006B56B6 /* FirebaseDatabaseSwift in Frameworks */,
				8AD6ED322AF1991F006B56B6 /* FirebaseDatabase in Frameworks */,
				8AD6ED2E2AF1991F006B56B6 /* FirebaseAuth in Frameworks */,
				8AA3B8E72AF9D4680064CFD6 /* FirebaseRemoteConfig in Frameworks */,
				8AF0A4052AF9D40B00A79110 /* FirebaseFirestoreCombine-Community in Frameworks */,
				8AD6ED3A2AF1991F006B56B6 /* FirebaseFirestoreSwift in Frameworks */,
				8A6AD4E52AFB534400A6DF85 /* FirebaseDatabase in Frameworks */,
				8A6AD4ED2AFB534400A6DF85 /* FirebaseFirestoreSwift in Frameworks */,
				8AA3B8D52AF9D4680064CFD6 /* FirebaseFirestoreSwift in Frameworks */,
				8AA3B8ED2AF9D4680064CFD6 /* FirebaseStorageCombine-Community in Frameworks */,
				8AA3B8E92AF9D4680064CFD6 /* FirebaseRemoteConfigSwift in Frameworks */,
				8AF0A3F92AF9D40B00A79110 /* FirebaseAuth in Frameworks */,
				81E659F62B08852E00B77EE4 /* SlidingTabView in Frameworks */,
				8AF0A3FD2AF9D40B00A79110 /* FirebaseCrashlytics in Frameworks */,
				8AA3B8BB2AF9D4680064CFD6 /* FirebaseAnalyticsOnDeviceConversion in Frameworks */,
				8AF0A4072AF9D40B00A79110 /* FirebaseFirestoreSwift in Frameworks */,
				8A6AD4E72AFB534400A6DF85 /* FirebaseDatabaseSwift in Frameworks */,
				512D1EAF2B033B6E007A388A /* SwiftUITrackableScrollView in Frameworks */,
				8A6AD4F12AFB534400A6DF85 /* FirebaseStorageCombine-Community in Frameworks */,
				8AF0A4012AF9D40B00A79110 /* FirebaseDatabaseSwift in Frameworks */,
				8AA3B8DB2AF9D4680064CFD6 /* FirebaseInAppMessaging-Beta in Frameworks */,
				8AA3B8C12AF9D4680064CFD6 /* FirebaseAppCheck in Frameworks */,
				8AA3B8C52AF9D4680064CFD6 /* FirebaseAuth in Frameworks */,
				8AA3B8D12AF9D4680064CFD6 /* FirebaseFirestore in Frameworks */,
				8AF0A3FF2AF9D40B00A79110 /* FirebaseDatabase in Frameworks */,
				8A61D96F2B1DC318003A3494 /* MCEmojiPicker in Frameworks */,
				8AD6ED382AF1991F006B56B6 /* FirebaseFirestoreCombine-Community in Frameworks */,
				8AD6ED362AF1991F006B56B6 /* FirebaseFirestore in Frameworks */,
				8A6AD4EF2AFB534400A6DF85 /* FirebaseStorage in Frameworks */,
				8A6AD4E92AFB534400A6DF85 /* FirebaseFirestore in Frameworks */,
				8AA3B8E52AF9D4680064CFD6 /* FirebasePerformance in Frameworks */,
				8AA3B8D72AF9D4680064CFD6 /* FirebaseFunctions in Frameworks */,
				8AF0A4092AF9D40B00A79110 /* FirebaseStorage in Frameworks */,
				51B3976D2B02385100A0AF2A /* SDWebImageSwiftUI in Frameworks */,
				8AD6ED302AF1991F006B56B6 /* FirebaseAuthCombine-Community in Frameworks */,
				8AA3B8C72AF9D4680064CFD6 /* FirebaseAuthCombine-Community in Frameworks */,
				8AA3B8BF2AF9D4680064CFD6 /* FirebaseAnalyticsWithoutAdIdSupport in Frameworks */,
				8AF0A3F72AF9D40B00A79110 /* FirebaseAppDistribution-Beta in Frameworks */,
				8AA3B8E12AF9D4680064CFD6 /* FirebaseMLModelDownloader in Frameworks */,
				8A6AD4E32AFB534400A6DF85 /* FirebaseAuthCombine-Community in Frameworks */,
				8AF0A3FB2AF9D40B00A79110 /* FirebaseAuthCombine-Community in Frameworks */,
				8AF0A40B2AF9D40B00A79110 /* FirebaseStorageCombine-Community in Frameworks */,
				8AA3B8BD2AF9D4680064CFD6 /* FirebaseAnalyticsSwift in Frameworks */,
				8AA3B8DF2AF9D4680064CFD6 /* FirebaseInstallations in Frameworks */,
				8AA3B8B92AF9D4680064CFD6 /* FirebaseAnalytics in Frameworks */,
				8AA3B8D32AF9D4680064CFD6 /* FirebaseFirestoreCombine-Community in Frameworks */,
				8A6AD4E12AFB534400A6DF85 /* FirebaseAuth in Frameworks */,
				8AA3B8D92AF9D4680064CFD6 /* FirebaseFunctionsCombine-Community in Frameworks */,
				8AA3B8E32AF9D4680064CFD6 /* FirebaseMessaging in Frameworks */,
				8AA3B8C92AF9D4680064CFD6 /* FirebaseCrashlytics in Frameworks */,
				8AA3B8CD2AF9D4680064CFD6 /* FirebaseDatabaseSwift in Frameworks */,
				8AF0A4032AF9D40B00A79110 /* FirebaseFirestore in Frameworks */,
				8A6AD4EB2AFB534400A6DF85 /* FirebaseFirestoreCombine-Community in Frameworks */,
				8AA3B8CB2AF9D4680064CFD6 /* FirebaseDatabase in Frameworks */,
				8AA3B8DD2AF9D4680064CFD6 /* FirebaseInAppMessagingSwift-Beta in Frameworks */,
				8AA3B8EB2AF9D4680064CFD6 /* FirebaseStorage in Frameworks */,
				8AA3B8C32AF9D4680064CFD6 /* FirebaseAppDistribution-Beta in Frameworks */,
				8AA3B8CF2AF9D4680064CFD6 /* FirebaseDynamicLinks in Frameworks */,
			);
			runOnlyForDeploymentPostprocessing = 0;
		};
/* End PBXFrameworksBuildPhase section */

/* Begin PBXGroup section */
		51802D892B08CD1E00B4EE9A /* RegistrationFlowViews */ = {
			isa = PBXGroup;
			children = (
				51802D8A2B08CD4300B4EE9A /* FirstNameView.swift */,
				51802D8C2B08CE4C00B4EE9A /* LastNameView.swift */,
				51802D8E2B08CE6900B4EE9A /* DateOfBirthView.swift */,
				51802D902B08CE7400B4EE9A /* PhoneNumberView.swift */,
				51802D922B08CE8100B4EE9A /* EmailView.swift */,
				51802D942B08CE8A00B4EE9A /* PasswordView.swift */,
			);
			path = RegistrationFlowViews;
			sourceTree = "<group>";
		};
		51D094A82AFC739800935664 /* housematesTests */ = {
			isa = PBXGroup;
			children = (
				51D094A92AFC739800935664 /* housematesTests.swift */,
				51D094B02AFC740300935664 /* userModelTests.swift */,
				51D094B22AFC747600935664 /* GroupModelTests.swift */,
				51D094B42AFC74D700935664 /* taskModelTests.swift */,
				51D094B62AFC754300935664 /* postModelTests.swift */,
				51D094B82AFC75A100935664 /* amenityModelTests.swift */,
				51D094BA2AFC760000935664 /* commentModelTests.swift */,
			);
			path = housematesTests;
			sourceTree = "<group>";
		};
		51EA51E32B0994420098D342 /* CreateGroupFlowViews */ = {
			isa = PBXGroup;
			children = (
				51EA51E62B09950F0098D342 /* GroupNameView.swift */,
				51EA51E82B09951A0098D342 /* GroupAddressView.swift */,
			);
			path = CreateGroupFlowViews;
			sourceTree = "<group>";
		};
		81E9ED542B05F09400A258A8 /* Font */ = {
			isa = PBXGroup;
			children = (
				81E9ED642B05F61A00A258A8 /* Lato-Bold.ttf */,
				81E9ED652B05F61B00A258A8 /* Lato-Regular.ttf */,
				81E9ED572B05F25C00A258A8 /* Nunito-Black.ttf */,
				81E9ED5B2B05F25C00A258A8 /* Nunito-Bold.ttf */,
				81E9ED5A2B05F25C00A258A8 /* Nunito-Light.ttf */,
				81E9ED592B05F25C00A258A8 /* Nunito-Medium.ttf */,
				81E9ED5C2B05F25C00A258A8 /* Nunito-Regular.ttf */,
				81E9ED582B05F25C00A258A8 /* Nunito-SemiBold.ttf */,
				81E9ED552B05F15500A258A8 /* Nunito-VariableFont_wght.ttf */,
			);
			path = Font;
			sourceTree = "<group>";
		};
		8A1C9D562AF9A4B700552F45 /* AuthenticationViews */ = {
			isa = PBXGroup;
			children = (
				51EA51E32B0994420098D342 /* CreateGroupFlowViews */,
				51802D892B08CD1E00B4EE9A /* RegistrationFlowViews */,
				8AE8FF962AF4110E003AD997 /* RegistrationView.swift */,
				8AE8FF982AF4113B003AD997 /* AuthContentView.swift */,
				8AE8FF942AF41101003AD997 /* LoginView.swift */,
				8AF3583F2AF4B17A0009B93C /* JoinCreateGroupView.swift */,
				8AF358412AF4B2BA0009B93C /* JoinGroupView.swift */,
				8AF358432AF4B2E20009B93C /* CreateGroupView.swift */,
				51D9B3322B06AB470091EBCD /* startView.swift */,
			);
			path = AuthenticationViews;
			sourceTree = "<group>";
		};
		8A1C9D572AF9A4D800552F45 /* TabViews */ = {
			isa = PBXGroup;
			children = (
				8AE8FFA42AF41F6B003AD997 /* ProfileView.swift */,
				8AE8FF9E2AF41F2B003AD997 /* HomeView.swift */,
				8AE8FFA22AF41F47003AD997 /* TaskBoardView.swift */,
				8AE8FFA02AF41F36003AD997 /* AmenityView.swift */,
				81DBF1982B1E4AD1002DF472 /* DashboardView.swift */,
			);
			path = TabViews;
			sourceTree = "<group>";
		};
		8A1C9D582AF9A52200552F45 /* Components */ = {
			isa = PBXGroup;
			children = (
				8AE8FF9A2AF4114B003AD997 /* InputView.swift */,
				81CF29E12AFF56C400748D58 /* FilterView.swift */,
				8AE8FF9C2AF41F1A003AD997 /* TabBar.swift */,
				51B20F372AFACD8E006FC5F7 /* JoinCreateCard.swift */,
				8A5AC67B2AFDAD890015A7B0 /* MessageCard.swift */,
				5155A1792AFDC6D500832E51 /* AllHousematesCard.swift */,
				515939CF2AFF31C0004C31BB /* TaskSelectionBox.swift */,
				5125D3342B016C4C00E9E623 /* HousemateProfileButton.swift */,
				51B397672B01FB8000A0AF2A /* NewInputView.swift */,
				51B397692B01FF2600A0AF2A /* SliderPicker.swift */,
				5188F2252B030DAF001B1AA0 /* HousemateCircleComponent.swift */,
				5188F2272B031298001B1AA0 /* PostRowView.swift */,
				8AB780D42B06EEDF0072B065 /* CommentListView.swift */,
				512246742B034E6B006C3F23 /* FlashcardComponent.swift */,
				81E9ED522B05EDA000A258A8 /* Font.swift */,
				51802D962B08D33E00B4EE9A /* ProgressBar.swift */,
				AD95E0DF2B168AD700577DAB /* CameraView.swift */,
				8AEF99022B1BFE2000C68907 /* PostPictureView.swift */,
				C171E1FC2B1E7DDB00AE41EC /* taskCard.swift */,
			);
			path = Components;
			sourceTree = "<group>";
		};
		8A1C9D592AF9A54000552F45 /* DetailViews */ = {
			isa = PBXGroup;
			children = (
				816C30272AF49D59004F1771 /* TaskView.swift */,
				81EC60C02AFE024000A1B753 /* GraphView.swift */,
				5138709E2AF562DD007A83B4 /* HousemateProfileView.swift */,
				ADD11A672AFC3FCB001861A0 /* AddTaskView.swift */,
				5155A17B2AFDC6ED00832E51 /* AllHousematesView.swift */,
				81CF29DF2AFEDA1E00748D58 /* TaskHousematesView.swift */,
				515939D12AFF3609004C31BB /* TaskSelectionView.swift */,
				8AF549572B0584C800EB28CC /* AddPostView.swift */,
				8AF549592B0585C300EB28CC /* PostDetailView.swift */,
				81E9ED682B06E0B800A258A8 /* TaskDetailView.swift */,
				8A41F2B52B07FE5A00997667 /* CommentDetailView.swift */,
			);
			path = DetailViews;
			sourceTree = "<group>";
		};
		8AD6ECFC2AF1969C006B56B6 = {
			isa = PBXGroup;
			children = (
				8AD6ED072AF1969C006B56B6 /* housemates */,
				51D094A82AFC739800935664 /* housematesTests */,
				8AD6ED062AF1969C006B56B6 /* Products */,
			);
			sourceTree = "<group>";
		};
		8AD6ED062AF1969C006B56B6 /* Products */ = {
			isa = PBXGroup;
			children = (
				8AD6ED052AF1969C006B56B6 /* housemates.app */,
				51D094A72AFC739800935664 /* housematesTests.xctest */,
			);
			name = Products;
			sourceTree = "<group>";
		};
		8AD6ED072AF1969C006B56B6 /* housemates */ = {
			isa = PBXGroup;
			children = (
				81E9ED542B05F09400A258A8 /* Font */,
				8AD6ED272AF197F3006B56B6 /* DataRepositories */,
				8AD6ED1B2AF19738006B56B6 /* ViewModels */,
				8AD6ED1A2AF19732006B56B6 /* Views */,
				8AD6ED182AF19722006B56B6 /* Models */,
				8AD6ED082AF1969C006B56B6 /* housematesApp.swift */,
				8AD6ED0C2AF1969D006B56B6 /* Assets.xcassets */,
				8AD6ED162AF196E8006B56B6 /* GoogleService-Info.plist */,
				81E9ED632B05F4E700A258A8 /* Info.plist */,
				8AD6ED0E2AF1969D006B56B6 /* Preview Content */,
			);
			path = housemates;
			sourceTree = "<group>";
		};
		8AD6ED0E2AF1969D006B56B6 /* Preview Content */ = {
			isa = PBXGroup;
			children = (
				8AD6ED0F2AF1969D006B56B6 /* Preview Assets.xcassets */,
			);
			path = "Preview Content";
			sourceTree = "<group>";
		};
		8AD6ED182AF19722006B56B6 /* Models */ = {
			isa = PBXGroup;
			children = (
				8AD6ED1C2AF1975F006B56B6 /* User.swift */,
				8AD6ED1E2AF1977D006B56B6 /* Group.swift */,
				8AD6ED202AF19796006B56B6 /* Task.swift */,
				8AD6ED232AF197BD006B56B6 /* Post.swift */,
				8AD6ED252AF197D3006B56B6 /* Amentity.swift */,
				8AEE92CD2AF19978006AECD3 /* Comment.swift */,
				515939D32AFF37B2004C31BB /* TaskData.swift */,
				8AE4D8752B1D7FF60073DBD8 /* Emoji.swift */,
				81DBF19A2B1E4AE1002DF472 /* DateValue.swift */,
			);
			path = Models;
			sourceTree = "<group>";
		};
		8AD6ED1A2AF19732006B56B6 /* Views */ = {
			isa = PBXGroup;
			children = (
				C171E1F72B1E403400AE41EC /* Shapes */,
				8A1C9D592AF9A54000552F45 /* DetailViews */,
				8A1C9D582AF9A52200552F45 /* Components */,
				8A1C9D572AF9A4D800552F45 /* TabViews */,
				8A1C9D562AF9A4B700552F45 /* AuthenticationViews */,
				8AD6ED0A2AF1969C006B56B6 /* ContentView.swift */,
			);
			path = Views;
			sourceTree = "<group>";
		};
		8AD6ED1B2AF19738006B56B6 /* ViewModels */ = {
			isa = PBXGroup;
			children = (
				8AEE92CF2AF1EF1F006AECD3 /* AuthViewModel.swift */,
				ADD11A632AFAFA3A001861A0 /* TaskViewModel.swift */,
				8A7F0ABF2AFD407900F7B76B /* UserViewModel.swift */,
				5188F2232B02AC47001B1AA0 /* GroupViewModel.swift */,
				8AEE050A2B0423A80030A6E0 /* PostViewModel.swift */,
			);
			path = ViewModels;
			sourceTree = "<group>";
		};
		8AD6ED272AF197F3006B56B6 /* DataRepositories */ = {
			isa = PBXGroup;
			children = (
				8AD6ED282AF1980D006B56B6 /* GroupDataRepository.swift */,
				8AD6ED2A2AF19832006B56B6 /* PostDataRepository.swift */,
				8AEE92D12AF1F856006AECD3 /* UserDataRepository.swift */,
				ADD11A652AFAFA54001861A0 /* TaskDataRepository.swift */,
			);
			path = DataRepositories;
			sourceTree = "<group>";
		};
		C171E1F72B1E403400AE41EC /* Shapes */ = {
			isa = PBXGroup;
			children = (
				C171E1FA2B1E408100AE41EC /* NewWave.swift */,
			);
			path = Shapes;
			sourceTree = "<group>";
		};
/* End PBXGroup section */

/* Begin PBXNativeTarget section */
		51D094A62AFC739800935664 /* housematesTests */ = {
			isa = PBXNativeTarget;
			buildConfigurationList = 51D094AF2AFC739800935664 /* Build configuration list for PBXNativeTarget "housematesTests" */;
			buildPhases = (
				51D094A32AFC739800935664 /* Sources */,
				51D094A42AFC739800935664 /* Frameworks */,
				51D094A52AFC739800935664 /* Resources */,
			);
			buildRules = (
			);
			dependencies = (
				51D094AC2AFC739800935664 /* PBXTargetDependency */,
			);
			name = housematesTests;
			productName = housematesTests;
			productReference = 51D094A72AFC739800935664 /* housematesTests.xctest */;
			productType = "com.apple.product-type.bundle.unit-test";
		};
		8AD6ED042AF1969C006B56B6 /* housemates */ = {
			isa = PBXNativeTarget;
			buildConfigurationList = 8AD6ED132AF1969D006B56B6 /* Build configuration list for PBXNativeTarget "housemates" */;
			buildPhases = (
				8AD6ED012AF1969C006B56B6 /* Sources */,
				8AD6ED022AF1969C006B56B6 /* Frameworks */,
				8AD6ED032AF1969C006B56B6 /* Resources */,
			);
			buildRules = (
			);
			dependencies = (
			);
			name = housemates;
			packageProductDependencies = (
				8AD6ED2D2AF1991F006B56B6 /* FirebaseAuth */,
				8AD6ED2F2AF1991F006B56B6 /* FirebaseAuthCombine-Community */,
				8AD6ED312AF1991F006B56B6 /* FirebaseDatabase */,
				8AD6ED332AF1991F006B56B6 /* FirebaseDatabaseSwift */,
				8AD6ED352AF1991F006B56B6 /* FirebaseFirestore */,
				8AD6ED372AF1991F006B56B6 /* FirebaseFirestoreCombine-Community */,
				8AD6ED392AF1991F006B56B6 /* FirebaseFirestoreSwift */,
				8AF0A3F62AF9D40B00A79110 /* FirebaseAppDistribution-Beta */,
				8AF0A3F82AF9D40B00A79110 /* FirebaseAuth */,
				8AF0A3FA2AF9D40B00A79110 /* FirebaseAuthCombine-Community */,
				8AF0A3FC2AF9D40B00A79110 /* FirebaseCrashlytics */,
				8AF0A3FE2AF9D40B00A79110 /* FirebaseDatabase */,
				8AF0A4002AF9D40B00A79110 /* FirebaseDatabaseSwift */,
				8AF0A4022AF9D40B00A79110 /* FirebaseFirestore */,
				8AF0A4042AF9D40B00A79110 /* FirebaseFirestoreCombine-Community */,
				8AF0A4062AF9D40B00A79110 /* FirebaseFirestoreSwift */,
				8AF0A4082AF9D40B00A79110 /* FirebaseStorage */,
				8AF0A40A2AF9D40B00A79110 /* FirebaseStorageCombine-Community */,
				8AA3B8B82AF9D4680064CFD6 /* FirebaseAnalytics */,
				8AA3B8BA2AF9D4680064CFD6 /* FirebaseAnalyticsOnDeviceConversion */,
				8AA3B8BC2AF9D4680064CFD6 /* FirebaseAnalyticsSwift */,
				8AA3B8BE2AF9D4680064CFD6 /* FirebaseAnalyticsWithoutAdIdSupport */,
				8AA3B8C02AF9D4680064CFD6 /* FirebaseAppCheck */,
				8AA3B8C22AF9D4680064CFD6 /* FirebaseAppDistribution-Beta */,
				8AA3B8C42AF9D4680064CFD6 /* FirebaseAuth */,
				8AA3B8C62AF9D4680064CFD6 /* FirebaseAuthCombine-Community */,
				8AA3B8C82AF9D4680064CFD6 /* FirebaseCrashlytics */,
				8AA3B8CA2AF9D4680064CFD6 /* FirebaseDatabase */,
				8AA3B8CC2AF9D4680064CFD6 /* FirebaseDatabaseSwift */,
				8AA3B8CE2AF9D4680064CFD6 /* FirebaseDynamicLinks */,
				8AA3B8D02AF9D4680064CFD6 /* FirebaseFirestore */,
				8AA3B8D22AF9D4680064CFD6 /* FirebaseFirestoreCombine-Community */,
				8AA3B8D42AF9D4680064CFD6 /* FirebaseFirestoreSwift */,
				8AA3B8D62AF9D4680064CFD6 /* FirebaseFunctions */,
				8AA3B8D82AF9D4680064CFD6 /* FirebaseFunctionsCombine-Community */,
				8AA3B8DA2AF9D4680064CFD6 /* FirebaseInAppMessaging-Beta */,
				8AA3B8DC2AF9D4680064CFD6 /* FirebaseInAppMessagingSwift-Beta */,
				8AA3B8DE2AF9D4680064CFD6 /* FirebaseInstallations */,
				8AA3B8E02AF9D4680064CFD6 /* FirebaseMLModelDownloader */,
				8AA3B8E22AF9D4680064CFD6 /* FirebaseMessaging */,
				8AA3B8E42AF9D4680064CFD6 /* FirebasePerformance */,
				8AA3B8E62AF9D4680064CFD6 /* FirebaseRemoteConfig */,
				8AA3B8E82AF9D4680064CFD6 /* FirebaseRemoteConfigSwift */,
				8AA3B8EA2AF9D4680064CFD6 /* FirebaseStorage */,
				8AA3B8EC2AF9D4680064CFD6 /* FirebaseStorageCombine-Community */,
				8A6AD4E02AFB534400A6DF85 /* FirebaseAuth */,
				8A6AD4E22AFB534400A6DF85 /* FirebaseAuthCombine-Community */,
				8A6AD4E42AFB534400A6DF85 /* FirebaseDatabase */,
				8A6AD4E62AFB534400A6DF85 /* FirebaseDatabaseSwift */,
				8A6AD4E82AFB534400A6DF85 /* FirebaseFirestore */,
				8A6AD4EA2AFB534400A6DF85 /* FirebaseFirestoreCombine-Community */,
				8A6AD4EC2AFB534400A6DF85 /* FirebaseFirestoreSwift */,
				8A6AD4EE2AFB534400A6DF85 /* FirebaseStorage */,
				8A6AD4F02AFB534400A6DF85 /* FirebaseStorageCombine-Community */,
				51B3976C2B02385100A0AF2A /* SDWebImageSwiftUI */,
				512D1EAE2B033B6E007A388A /* SwiftUITrackableScrollView */,
				81E659F52B08852E00B77EE4 /* SlidingTabView */,
				8A61D96E2B1DC318003A3494 /* MCEmojiPicker */,
			);
			productName = housemates;
			productReference = 8AD6ED052AF1969C006B56B6 /* housemates.app */;
			productType = "com.apple.product-type.application";
		};
/* End PBXNativeTarget section */

/* Begin PBXProject section */
		8AD6ECFD2AF1969C006B56B6 /* Project object */ = {
			isa = PBXProject;
			attributes = {
				BuildIndependentTargetsInParallel = 1;
				LastSwiftUpdateCheck = 1500;
				LastUpgradeCheck = 1500;
				TargetAttributes = {
					51D094A62AFC739800935664 = {
						CreatedOnToolsVersion = 15.0;
						TestTargetID = 8AD6ED042AF1969C006B56B6;
					};
					8AD6ED042AF1969C006B56B6 = {
						CreatedOnToolsVersion = 15.0.1;
					};
				};
			};
			buildConfigurationList = 8AD6ED002AF1969C006B56B6 /* Build configuration list for PBXProject "housemates" */;
			compatibilityVersion = "Xcode 14.0";
			developmentRegion = en;
			hasScannedForEncodings = 0;
			knownRegions = (
				en,
				Base,
			);
			mainGroup = 8AD6ECFC2AF1969C006B56B6;
			packageReferences = (
				8AD6ED2C2AF1991F006B56B6 /* XCRemoteSwiftPackageReference "firebase-ios-sdk" */,
				51B3976B2B02385100A0AF2A /* XCRemoteSwiftPackageReference "SDWebImageSwiftUI" */,
				512D1EAD2B033B6E007A388A /* XCRemoteSwiftPackageReference "trackable-scroll-view" */,
				81E659F42B08852E00B77EE4 /* XCRemoteSwiftPackageReference "SlidingTabView" */,
				8A61D96D2B1DC318003A3494 /* XCRemoteSwiftPackageReference "MCEmojiPicker" */,
			);
			productRefGroup = 8AD6ED062AF1969C006B56B6 /* Products */;
			projectDirPath = "";
			projectRoot = "";
			targets = (
				8AD6ED042AF1969C006B56B6 /* housemates */,
				51D094A62AFC739800935664 /* housematesTests */,
			);
		};
/* End PBXProject section */

/* Begin PBXResourcesBuildPhase section */
		51D094A52AFC739800935664 /* Resources */ = {
			isa = PBXResourcesBuildPhase;
			buildActionMask = 2147483647;
			files = (
			);
			runOnlyForDeploymentPostprocessing = 0;
		};
		8AD6ED032AF1969C006B56B6 /* Resources */ = {
			isa = PBXResourcesBuildPhase;
			buildActionMask = 2147483647;
			files = (
				81E9ED662B05F61B00A258A8 /* Lato-Bold.ttf in Resources */,
				81E9ED622B05F25C00A258A8 /* Nunito-Regular.ttf in Resources */,
				81E9ED5E2B05F25C00A258A8 /* Nunito-SemiBold.ttf in Resources */,
				81E9ED562B05F15500A258A8 /* Nunito-VariableFont_wght.ttf in Resources */,
				81E9ED5D2B05F25C00A258A8 /* Nunito-Black.ttf in Resources */,
				8AD6ED102AF1969D006B56B6 /* Preview Assets.xcassets in Resources */,
				81E9ED612B05F25C00A258A8 /* Nunito-Bold.ttf in Resources */,
				81E9ED672B05F61B00A258A8 /* Lato-Regular.ttf in Resources */,
				81E9ED5F2B05F25C00A258A8 /* Nunito-Medium.ttf in Resources */,
				8AD6ED0D2AF1969D006B56B6 /* Assets.xcassets in Resources */,
				81E9ED602B05F25C00A258A8 /* Nunito-Light.ttf in Resources */,
				8AD6ED172AF196E8006B56B6 /* GoogleService-Info.plist in Resources */,
			);
			runOnlyForDeploymentPostprocessing = 0;
		};
/* End PBXResourcesBuildPhase section */

/* Begin PBXSourcesBuildPhase section */
		51D094A32AFC739800935664 /* Sources */ = {
			isa = PBXSourcesBuildPhase;
			buildActionMask = 2147483647;
			files = (
				51D094B32AFC747600935664 /* GroupModelTests.swift in Sources */,
				51D094B92AFC75A100935664 /* amenityModelTests.swift in Sources */,
				51D094B72AFC754300935664 /* postModelTests.swift in Sources */,
				51D094B12AFC740300935664 /* userModelTests.swift in Sources */,
				51D094B52AFC74D700935664 /* taskModelTests.swift in Sources */,
				51D094AA2AFC739800935664 /* housematesTests.swift in Sources */,
				51D094BB2AFC760000935664 /* commentModelTests.swift in Sources */,
			);
			runOnlyForDeploymentPostprocessing = 0;
		};
		8AD6ED012AF1969C006B56B6 /* Sources */ = {
			isa = PBXSourcesBuildPhase;
			buildActionMask = 2147483647;
			files = (
				51802D912B08CE7400B4EE9A /* PhoneNumberView.swift in Sources */,
				51802D972B08D33E00B4EE9A /* ProgressBar.swift in Sources */,
				8AEE050B2B0423A80030A6E0 /* PostViewModel.swift in Sources */,
				8AD6ED0B2AF1969C006B56B6 /* ContentView.swift in Sources */,
				8AD6ED262AF197D3006B56B6 /* Amentity.swift in Sources */,
				8AD6ED092AF1969C006B56B6 /* housematesApp.swift in Sources */,
				8AE8FF972AF4110E003AD997 /* RegistrationView.swift in Sources */,
				8AF358442AF4B2E20009B93C /* CreateGroupView.swift in Sources */,
				5188F2262B030DAF001B1AA0 /* HousemateCircleComponent.swift in Sources */,
				8A7F0AC02AFD407900F7B76B /* UserViewModel.swift in Sources */,
				8A41F2B62B07FE5A00997667 /* CommentDetailView.swift in Sources */,
				AD95E0E02B168AD700577DAB /* CameraView.swift in Sources */,
				8AD6ED292AF1980D006B56B6 /* GroupDataRepository.swift in Sources */,
				C171E1FB2B1E408100AE41EC /* NewWave.swift in Sources */,
				C171E1FD2B1E7DDB00AE41EC /* taskCard.swift in Sources */,
				8AE8FF9B2AF4114B003AD997 /* InputView.swift in Sources */,
				51802D8B2B08CD4300B4EE9A /* FirstNameView.swift in Sources */,
				8AD6ED212AF19796006B56B6 /* Task.swift in Sources */,
				8AE8FF9D2AF41F1A003AD997 /* TabBar.swift in Sources */,
				8AEE92CE2AF19978006AECD3 /* Comment.swift in Sources */,
				51802D932B08CE8100B4EE9A /* EmailView.swift in Sources */,
				81DBF19B2B1E4AE1002DF472 /* DateValue.swift in Sources */,
				81DBF1992B1E4AD1002DF472 /* DashboardView.swift in Sources */,
				81EC60C12AFE024000A1B753 /* GraphView.swift in Sources */,
				51B3976A2B01FF2600A0AF2A /* SliderPicker.swift in Sources */,
				51B20F382AFACD8E006FC5F7 /* JoinCreateCard.swift in Sources */,
				81CF29E02AFEDA1E00748D58 /* TaskHousematesView.swift in Sources */,
				515939D42AFF37B2004C31BB /* TaskData.swift in Sources */,
				515939D22AFF3609004C31BB /* TaskSelectionView.swift in Sources */,
				816C30282AF49D59004F1771 /* TaskView.swift in Sources */,
				51B397682B01FB8000A0AF2A /* NewInputView.swift in Sources */,
				81CF29E22AFF56C400748D58 /* FilterView.swift in Sources */,
				8AE8FF9F2AF41F2B003AD997 /* HomeView.swift in Sources */,
				81E9ED532B05EDA000A258A8 /* Font.swift in Sources */,
				8AF358422AF4B2BA0009B93C /* JoinGroupView.swift in Sources */,
				8AF358402AF4B17A0009B93C /* JoinCreateGroupView.swift in Sources */,
				8AD6ED242AF197BD006B56B6 /* Post.swift in Sources */,
				8AE8FFA12AF41F36003AD997 /* AmenityView.swift in Sources */,
				51802D8D2B08CE4C00B4EE9A /* LastNameView.swift in Sources */,
				5155A17A2AFDC6D500832E51 /* AllHousematesCard.swift in Sources */,
				ADD11A642AFAFA3B001861A0 /* TaskViewModel.swift in Sources */,
				8AF549582B0584C800EB28CC /* AddPostView.swift in Sources */,
				8AEE92D02AF1EF1F006AECD3 /* AuthViewModel.swift in Sources */,
				512246752B034E6B006C3F23 /* FlashcardComponent.swift in Sources */,
				5188F2242B02AC47001B1AA0 /* GroupViewModel.swift in Sources */,
				8AEE92D22AF1F856006AECD3 /* UserDataRepository.swift in Sources */,
				8AE4D8762B1D7FF60073DBD8 /* Emoji.swift in Sources */,
				8AD6ED1D2AF1975F006B56B6 /* User.swift in Sources */,
				51802D8F2B08CE6900B4EE9A /* DateOfBirthView.swift in Sources */,
				51EA51E72B09950F0098D342 /* GroupNameView.swift in Sources */,
				ADD11A682AFC3FCB001861A0 /* AddTaskView.swift in Sources */,
				8AEF99032B1BFE2000C68907 /* PostPictureView.swift in Sources */,
				51EA51E92B09951A0098D342 /* GroupAddressView.swift in Sources */,
				5188F2282B031298001B1AA0 /* PostRowView.swift in Sources */,
				5188F2282B031298001B1AA0 /* PostRowView.swift in Sources */,
				8AE8FF952AF41101003AD997 /* LoginView.swift in Sources */,
				51802D952B08CE8A00B4EE9A /* PasswordView.swift in Sources */,
				5125D3352B016C4C00E9E623 /* HousemateProfileButton.swift in Sources */,
				8AE8FFA32AF41F47003AD997 /* TaskBoardView.swift in Sources */,
				8AE8FF992AF4113B003AD997 /* AuthContentView.swift in Sources */,
				8AD6ED2B2AF19832006B56B6 /* PostDataRepository.swift in Sources */,
				ADD11A662AFAFA54001861A0 /* TaskDataRepository.swift in Sources */,
				8AE8FFA52AF41F6B003AD997 /* ProfileView.swift in Sources */,
				81E9ED692B06E0B800A258A8 /* TaskDetailView.swift in Sources */,
				515939D02AFF31C0004C31BB /* TaskSelectionBox.swift in Sources */,
				8AB780D52B06EEDF0072B065 /* CommentListView.swift in Sources */,
				8AF5495A2B0585C300EB28CC /* PostDetailView.swift in Sources */,
				5138709F2AF562DD007A83B4 /* HousemateProfileView.swift in Sources */,
				8A5AC67C2AFDAD890015A7B0 /* MessageCard.swift in Sources */,
				5155A17C2AFDC6ED00832E51 /* AllHousematesView.swift in Sources */,
				8AD6ED1F2AF1977D006B56B6 /* Group.swift in Sources */,
				51D9B3332B06AB470091EBCD /* startView.swift in Sources */,
			);
			runOnlyForDeploymentPostprocessing = 0;
		};
/* End PBXSourcesBuildPhase section */

/* Begin PBXTargetDependency section */
		51D094AC2AFC739800935664 /* PBXTargetDependency */ = {
			isa = PBXTargetDependency;
			target = 8AD6ED042AF1969C006B56B6 /* housemates */;
			targetProxy = 51D094AB2AFC739800935664 /* PBXContainerItemProxy */;
		};
/* End PBXTargetDependency section */

/* Begin XCBuildConfiguration section */
		51D094AD2AFC739800935664 /* Debug */ = {
			isa = XCBuildConfiguration;
			buildSettings = {
				BUNDLE_LOADER = "$(TEST_HOST)";
				CODE_SIGN_STYLE = Automatic;
				CURRENT_PROJECT_VERSION = 1;
				GENERATE_INFOPLIST_FILE = YES;
				MARKETING_VERSION = 1.0;
				PRODUCT_BUNDLE_IDENTIFIER = mobileApp.housematesTests;
				PRODUCT_NAME = "$(TARGET_NAME)";
				SWIFT_EMIT_LOC_STRINGS = NO;
				SWIFT_VERSION = 5.0;
				TARGETED_DEVICE_FAMILY = "1,2";
				TEST_HOST = "$(BUILT_PRODUCTS_DIR)/housemates.app/$(BUNDLE_EXECUTABLE_FOLDER_PATH)/housemates";
			};
			name = Debug;
		};
		51D094AE2AFC739800935664 /* Release */ = {
			isa = XCBuildConfiguration;
			buildSettings = {
				BUNDLE_LOADER = "$(TEST_HOST)";
				CODE_SIGN_STYLE = Automatic;
				CURRENT_PROJECT_VERSION = 1;
				GENERATE_INFOPLIST_FILE = YES;
				MARKETING_VERSION = 1.0;
				PRODUCT_BUNDLE_IDENTIFIER = mobileApp.housematesTests;
				PRODUCT_NAME = "$(TARGET_NAME)";
				SWIFT_EMIT_LOC_STRINGS = NO;
				SWIFT_VERSION = 5.0;
				TARGETED_DEVICE_FAMILY = "1,2";
				TEST_HOST = "$(BUILT_PRODUCTS_DIR)/housemates.app/$(BUNDLE_EXECUTABLE_FOLDER_PATH)/housemates";
			};
			name = Release;
		};
		8AD6ED112AF1969D006B56B6 /* Debug */ = {
			isa = XCBuildConfiguration;
			buildSettings = {
				ALWAYS_SEARCH_USER_PATHS = NO;
				ASSETCATALOG_COMPILER_GENERATE_SWIFT_ASSET_SYMBOL_EXTENSIONS = YES;
				CLANG_ANALYZER_NONNULL = YES;
				CLANG_ANALYZER_NUMBER_OBJECT_CONVERSION = YES_AGGRESSIVE;
				CLANG_CXX_LANGUAGE_STANDARD = "gnu++20";
				CLANG_ENABLE_MODULES = YES;
				CLANG_ENABLE_OBJC_ARC = YES;
				CLANG_ENABLE_OBJC_WEAK = YES;
				CLANG_WARN_BLOCK_CAPTURE_AUTORELEASING = YES;
				CLANG_WARN_BOOL_CONVERSION = YES;
				CLANG_WARN_COMMA = YES;
				CLANG_WARN_CONSTANT_CONVERSION = YES;
				CLANG_WARN_DEPRECATED_OBJC_IMPLEMENTATIONS = YES;
				CLANG_WARN_DIRECT_OBJC_ISA_USAGE = YES_ERROR;
				CLANG_WARN_DOCUMENTATION_COMMENTS = YES;
				CLANG_WARN_EMPTY_BODY = YES;
				CLANG_WARN_ENUM_CONVERSION = YES;
				CLANG_WARN_INFINITE_RECURSION = YES;
				CLANG_WARN_INT_CONVERSION = YES;
				CLANG_WARN_NON_LITERAL_NULL_CONVERSION = YES;
				CLANG_WARN_OBJC_IMPLICIT_RETAIN_SELF = YES;
				CLANG_WARN_OBJC_LITERAL_CONVERSION = YES;
				CLANG_WARN_OBJC_ROOT_CLASS = YES_ERROR;
				CLANG_WARN_QUOTED_INCLUDE_IN_FRAMEWORK_HEADER = YES;
				CLANG_WARN_RANGE_LOOP_ANALYSIS = YES;
				CLANG_WARN_STRICT_PROTOTYPES = YES;
				CLANG_WARN_SUSPICIOUS_MOVE = YES;
				CLANG_WARN_UNGUARDED_AVAILABILITY = YES_AGGRESSIVE;
				CLANG_WARN_UNREACHABLE_CODE = YES;
				CLANG_WARN__DUPLICATE_METHOD_MATCH = YES;
				COPY_PHASE_STRIP = NO;
				DEBUG_INFORMATION_FORMAT = dwarf;
				ENABLE_STRICT_OBJC_MSGSEND = YES;
				ENABLE_TESTABILITY = YES;
				ENABLE_USER_SCRIPT_SANDBOXING = YES;
				GCC_C_LANGUAGE_STANDARD = gnu17;
				GCC_DYNAMIC_NO_PIC = NO;
				GCC_NO_COMMON_BLOCKS = YES;
				GCC_OPTIMIZATION_LEVEL = 0;
				GCC_PREPROCESSOR_DEFINITIONS = (
					"DEBUG=1",
					"$(inherited)",
				);
				GCC_WARN_64_TO_32_BIT_CONVERSION = YES;
				GCC_WARN_ABOUT_RETURN_TYPE = YES_ERROR;
				GCC_WARN_UNDECLARED_SELECTOR = YES;
				GCC_WARN_UNINITIALIZED_AUTOS = YES_AGGRESSIVE;
				GCC_WARN_UNUSED_FUNCTION = YES;
				GCC_WARN_UNUSED_VARIABLE = YES;
				IPHONEOS_DEPLOYMENT_TARGET = 17.0;
				LOCALIZATION_PREFERS_STRING_CATALOGS = YES;
				MTL_ENABLE_DEBUG_INFO = INCLUDE_SOURCE;
				MTL_FAST_MATH = YES;
				ONLY_ACTIVE_ARCH = YES;
				SDKROOT = iphoneos;
				SWIFT_ACTIVE_COMPILATION_CONDITIONS = "DEBUG $(inherited)";
				SWIFT_OPTIMIZATION_LEVEL = "-Onone";
			};
			name = Debug;
		};
		8AD6ED122AF1969D006B56B6 /* Release */ = {
			isa = XCBuildConfiguration;
			buildSettings = {
				ALWAYS_SEARCH_USER_PATHS = NO;
				ASSETCATALOG_COMPILER_GENERATE_SWIFT_ASSET_SYMBOL_EXTENSIONS = YES;
				CLANG_ANALYZER_NONNULL = YES;
				CLANG_ANALYZER_NUMBER_OBJECT_CONVERSION = YES_AGGRESSIVE;
				CLANG_CXX_LANGUAGE_STANDARD = "gnu++20";
				CLANG_ENABLE_MODULES = YES;
				CLANG_ENABLE_OBJC_ARC = YES;
				CLANG_ENABLE_OBJC_WEAK = YES;
				CLANG_WARN_BLOCK_CAPTURE_AUTORELEASING = YES;
				CLANG_WARN_BOOL_CONVERSION = YES;
				CLANG_WARN_COMMA = YES;
				CLANG_WARN_CONSTANT_CONVERSION = YES;
				CLANG_WARN_DEPRECATED_OBJC_IMPLEMENTATIONS = YES;
				CLANG_WARN_DIRECT_OBJC_ISA_USAGE = YES_ERROR;
				CLANG_WARN_DOCUMENTATION_COMMENTS = YES;
				CLANG_WARN_EMPTY_BODY = YES;
				CLANG_WARN_ENUM_CONVERSION = YES;
				CLANG_WARN_INFINITE_RECURSION = YES;
				CLANG_WARN_INT_CONVERSION = YES;
				CLANG_WARN_NON_LITERAL_NULL_CONVERSION = YES;
				CLANG_WARN_OBJC_IMPLICIT_RETAIN_SELF = YES;
				CLANG_WARN_OBJC_LITERAL_CONVERSION = YES;
				CLANG_WARN_OBJC_ROOT_CLASS = YES_ERROR;
				CLANG_WARN_QUOTED_INCLUDE_IN_FRAMEWORK_HEADER = YES;
				CLANG_WARN_RANGE_LOOP_ANALYSIS = YES;
				CLANG_WARN_STRICT_PROTOTYPES = YES;
				CLANG_WARN_SUSPICIOUS_MOVE = YES;
				CLANG_WARN_UNGUARDED_AVAILABILITY = YES_AGGRESSIVE;
				CLANG_WARN_UNREACHABLE_CODE = YES;
				CLANG_WARN__DUPLICATE_METHOD_MATCH = YES;
				COPY_PHASE_STRIP = NO;
				DEBUG_INFORMATION_FORMAT = "dwarf-with-dsym";
				ENABLE_NS_ASSERTIONS = NO;
				ENABLE_STRICT_OBJC_MSGSEND = YES;
				ENABLE_USER_SCRIPT_SANDBOXING = YES;
				GCC_C_LANGUAGE_STANDARD = gnu17;
				GCC_NO_COMMON_BLOCKS = YES;
				GCC_WARN_64_TO_32_BIT_CONVERSION = YES;
				GCC_WARN_ABOUT_RETURN_TYPE = YES_ERROR;
				GCC_WARN_UNDECLARED_SELECTOR = YES;
				GCC_WARN_UNINITIALIZED_AUTOS = YES_AGGRESSIVE;
				GCC_WARN_UNUSED_FUNCTION = YES;
				GCC_WARN_UNUSED_VARIABLE = YES;
				IPHONEOS_DEPLOYMENT_TARGET = 17.0;
				LOCALIZATION_PREFERS_STRING_CATALOGS = YES;
				MTL_ENABLE_DEBUG_INFO = NO;
				MTL_FAST_MATH = YES;
				SDKROOT = iphoneos;
				SWIFT_COMPILATION_MODE = wholemodule;
				VALIDATE_PRODUCT = YES;
			};
			name = Release;
		};
		8AD6ED142AF1969D006B56B6 /* Debug */ = {
			isa = XCBuildConfiguration;
			buildSettings = {
				ASSETCATALOG_COMPILER_APPICON_NAME = AppIcon;
				ASSETCATALOG_COMPILER_GLOBAL_ACCENT_COLOR_NAME = AccentColor;
				CODE_SIGN_STYLE = Automatic;
				CURRENT_PROJECT_VERSION = 1;
				DEVELOPMENT_ASSET_PATHS = "\"housemates/Preview Content\"";
				DEVELOPMENT_TEAM = 5V6283R8D6;
				ENABLE_PREVIEWS = YES;
				GENERATE_INFOPLIST_FILE = YES;
				INFOPLIST_FILE = housemates/Info.plist;
				INFOPLIST_KEY_NSCameraUsageDescription = "Access to your camera for posting task";
				INFOPLIST_KEY_NSPhotoLibraryAddUsageDescription = "Access to camera roll for choosing task claimed";
				INFOPLIST_KEY_NSPhotoLibraryUsageDescription = "Access to camera roll for choosing task claimed";
				INFOPLIST_KEY_UIApplicationSceneManifest_Generation = YES;
				INFOPLIST_KEY_UIApplicationSupportsIndirectInputEvents = YES;
				INFOPLIST_KEY_UILaunchScreen_Generation = YES;
				INFOPLIST_KEY_UISupportedInterfaceOrientations_iPad = "UIInterfaceOrientationPortrait UIInterfaceOrientationPortraitUpsideDown UIInterfaceOrientationLandscapeLeft UIInterfaceOrientationLandscapeRight";
				INFOPLIST_KEY_UISupportedInterfaceOrientations_iPhone = "UIInterfaceOrientationPortrait UIInterfaceOrientationLandscapeLeft UIInterfaceOrientationLandscapeRight";
				IPHONEOS_DEPLOYMENT_TARGET = 16.4;
				LD_RUNPATH_SEARCH_PATHS = (
					"$(inherited)",
					"@executable_path/Frameworks",
				);
				MARKETING_VERSION = 1.0;
				PRODUCT_BUNDLE_IDENTIFIER = "mobile-apps.housemates32";
				PRODUCT_NAME = "$(TARGET_NAME)";
				SWIFT_EMIT_LOC_STRINGS = YES;
				SWIFT_VERSION = 5.0;
				TARGETED_DEVICE_FAMILY = "1,2";
			};
			name = Debug;
		};
		8AD6ED152AF1969D006B56B6 /* Release */ = {
			isa = XCBuildConfiguration;
			buildSettings = {
				ASSETCATALOG_COMPILER_APPICON_NAME = AppIcon;
				ASSETCATALOG_COMPILER_GLOBAL_ACCENT_COLOR_NAME = AccentColor;
				CODE_SIGN_STYLE = Automatic;
				CURRENT_PROJECT_VERSION = 1;
				DEVELOPMENT_ASSET_PATHS = "\"housemates/Preview Content\"";
				DEVELOPMENT_TEAM = 5V6283R8D6;
				ENABLE_PREVIEWS = YES;
				GENERATE_INFOPLIST_FILE = YES;
				INFOPLIST_FILE = housemates/Info.plist;
				INFOPLIST_KEY_NSCameraUsageDescription = "Access to your camera for posting task";
				INFOPLIST_KEY_NSPhotoLibraryAddUsageDescription = "Access to camera roll for choosing task claimed";
				INFOPLIST_KEY_NSPhotoLibraryUsageDescription = "Access to camera roll for choosing task claimed";
				INFOPLIST_KEY_UIApplicationSceneManifest_Generation = YES;
				INFOPLIST_KEY_UIApplicationSupportsIndirectInputEvents = YES;
				INFOPLIST_KEY_UILaunchScreen_Generation = YES;
				INFOPLIST_KEY_UISupportedInterfaceOrientations_iPad = "UIInterfaceOrientationPortrait UIInterfaceOrientationPortraitUpsideDown UIInterfaceOrientationLandscapeLeft UIInterfaceOrientationLandscapeRight";
				INFOPLIST_KEY_UISupportedInterfaceOrientations_iPhone = "UIInterfaceOrientationPortrait UIInterfaceOrientationLandscapeLeft UIInterfaceOrientationLandscapeRight";
				IPHONEOS_DEPLOYMENT_TARGET = 16.4;
				LD_RUNPATH_SEARCH_PATHS = (
					"$(inherited)",
					"@executable_path/Frameworks",
				);
				MARKETING_VERSION = 1.0;
				PRODUCT_BUNDLE_IDENTIFIER = "mobile-apps.housemates32";
				PRODUCT_NAME = "$(TARGET_NAME)";
				SWIFT_EMIT_LOC_STRINGS = YES;
				SWIFT_VERSION = 5.0;
				TARGETED_DEVICE_FAMILY = "1,2";
			};
			name = Release;
		};
/* End XCBuildConfiguration section */

/* Begin XCConfigurationList section */
		51D094AF2AFC739800935664 /* Build configuration list for PBXNativeTarget "housematesTests" */ = {
			isa = XCConfigurationList;
			buildConfigurations = (
				51D094AD2AFC739800935664 /* Debug */,
				51D094AE2AFC739800935664 /* Release */,
			);
			defaultConfigurationIsVisible = 0;
			defaultConfigurationName = Release;
		};
		8AD6ED002AF1969C006B56B6 /* Build configuration list for PBXProject "housemates" */ = {
			isa = XCConfigurationList;
			buildConfigurations = (
				8AD6ED112AF1969D006B56B6 /* Debug */,
				8AD6ED122AF1969D006B56B6 /* Release */,
			);
			defaultConfigurationIsVisible = 0;
			defaultConfigurationName = Release;
		};
		8AD6ED132AF1969D006B56B6 /* Build configuration list for PBXNativeTarget "housemates" */ = {
			isa = XCConfigurationList;
			buildConfigurations = (
				8AD6ED142AF1969D006B56B6 /* Debug */,
				8AD6ED152AF1969D006B56B6 /* Release */,
			);
			defaultConfigurationIsVisible = 0;
			defaultConfigurationName = Release;
		};
/* End XCConfigurationList section */

/* Begin XCRemoteSwiftPackageReference section */
		512D1EAD2B033B6E007A388A /* XCRemoteSwiftPackageReference "trackable-scroll-view" */ = {
			isa = XCRemoteSwiftPackageReference;
			repositoryURL = "https://github.com/maxnatchanon/trackable-scroll-view";
			requirement = {
				branch = master;
				kind = branch;
			};
		};
		51B3976B2B02385100A0AF2A /* XCRemoteSwiftPackageReference "SDWebImageSwiftUI" */ = {
			isa = XCRemoteSwiftPackageReference;
			repositoryURL = "https://github.com/SDWebImage/SDWebImageSwiftUI";
			requirement = {
				kind = upToNextMajorVersion;
				minimumVersion = 2.2.4;
			};
		};
		81E659F42B08852E00B77EE4 /* XCRemoteSwiftPackageReference "SlidingTabView" */ = {
			isa = XCRemoteSwiftPackageReference;
			repositoryURL = "https://github.com/QuynhNguyen/SlidingTabView";
			requirement = {
				kind = upToNextMajorVersion;
				minimumVersion = 1.0.0;
			};
		};
		8A61D96D2B1DC318003A3494 /* XCRemoteSwiftPackageReference "MCEmojiPicker" */ = {
			isa = XCRemoteSwiftPackageReference;
			repositoryURL = "https://github.com/izyumkin/MCEmojiPicker";
			requirement = {
				kind = upToNextMajorVersion;
				minimumVersion = 1.2.3;
			};
		};
		8AD6ED2C2AF1991F006B56B6 /* XCRemoteSwiftPackageReference "firebase-ios-sdk" */ = {
			isa = XCRemoteSwiftPackageReference;
			repositoryURL = "https://github.com/firebase/firebase-ios-sdk.git";
			requirement = {
				kind = upToNextMajorVersion;
				minimumVersion = 10.17.0;
			};
		};
/* End XCRemoteSwiftPackageReference section */

/* Begin XCSwiftPackageProductDependency section */
		512D1EAE2B033B6E007A388A /* SwiftUITrackableScrollView */ = {
			isa = XCSwiftPackageProductDependency;
			package = 512D1EAD2B033B6E007A388A /* XCRemoteSwiftPackageReference "trackable-scroll-view" */;
			productName = SwiftUITrackableScrollView;
		};
		51B3976C2B02385100A0AF2A /* SDWebImageSwiftUI */ = {
			isa = XCSwiftPackageProductDependency;
			package = 51B3976B2B02385100A0AF2A /* XCRemoteSwiftPackageReference "SDWebImageSwiftUI" */;
			productName = SDWebImageSwiftUI;
		};
		81E659F52B08852E00B77EE4 /* SlidingTabView */ = {
			isa = XCSwiftPackageProductDependency;
			package = 81E659F42B08852E00B77EE4 /* XCRemoteSwiftPackageReference "SlidingTabView" */;
			productName = SlidingTabView;
		};
		8A61D96E2B1DC318003A3494 /* MCEmojiPicker */ = {
			isa = XCSwiftPackageProductDependency;
			package = 8A61D96D2B1DC318003A3494 /* XCRemoteSwiftPackageReference "MCEmojiPicker" */;
			productName = MCEmojiPicker;
		};
		8A6AD4E02AFB534400A6DF85 /* FirebaseAuth */ = {
			isa = XCSwiftPackageProductDependency;
			package = 8AD6ED2C2AF1991F006B56B6 /* XCRemoteSwiftPackageReference "firebase-ios-sdk" */;
			productName = FirebaseAuth;
		};
		8A6AD4E22AFB534400A6DF85 /* FirebaseAuthCombine-Community */ = {
			isa = XCSwiftPackageProductDependency;
			package = 8AD6ED2C2AF1991F006B56B6 /* XCRemoteSwiftPackageReference "firebase-ios-sdk" */;
			productName = "FirebaseAuthCombine-Community";
		};
		8A6AD4E42AFB534400A6DF85 /* FirebaseDatabase */ = {
			isa = XCSwiftPackageProductDependency;
			package = 8AD6ED2C2AF1991F006B56B6 /* XCRemoteSwiftPackageReference "firebase-ios-sdk" */;
			productName = FirebaseDatabase;
		};
		8A6AD4E62AFB534400A6DF85 /* FirebaseDatabaseSwift */ = {
			isa = XCSwiftPackageProductDependency;
			package = 8AD6ED2C2AF1991F006B56B6 /* XCRemoteSwiftPackageReference "firebase-ios-sdk" */;
			productName = FirebaseDatabaseSwift;
		};
		8A6AD4E82AFB534400A6DF85 /* FirebaseFirestore */ = {
			isa = XCSwiftPackageProductDependency;
			package = 8AD6ED2C2AF1991F006B56B6 /* XCRemoteSwiftPackageReference "firebase-ios-sdk" */;
			productName = FirebaseFirestore;
		};
		8A6AD4EA2AFB534400A6DF85 /* FirebaseFirestoreCombine-Community */ = {
			isa = XCSwiftPackageProductDependency;
			package = 8AD6ED2C2AF1991F006B56B6 /* XCRemoteSwiftPackageReference "firebase-ios-sdk" */;
			productName = "FirebaseFirestoreCombine-Community";
		};
		8A6AD4EC2AFB534400A6DF85 /* FirebaseFirestoreSwift */ = {
			isa = XCSwiftPackageProductDependency;
			package = 8AD6ED2C2AF1991F006B56B6 /* XCRemoteSwiftPackageReference "firebase-ios-sdk" */;
			productName = FirebaseFirestoreSwift;
		};
		8A6AD4EE2AFB534400A6DF85 /* FirebaseStorage */ = {
			isa = XCSwiftPackageProductDependency;
			package = 8AD6ED2C2AF1991F006B56B6 /* XCRemoteSwiftPackageReference "firebase-ios-sdk" */;
			productName = FirebaseStorage;
		};
		8A6AD4F02AFB534400A6DF85 /* FirebaseStorageCombine-Community */ = {
			isa = XCSwiftPackageProductDependency;
			package = 8AD6ED2C2AF1991F006B56B6 /* XCRemoteSwiftPackageReference "firebase-ios-sdk" */;
			productName = "FirebaseStorageCombine-Community";
		};
		8AA3B8B82AF9D4680064CFD6 /* FirebaseAnalytics */ = {
			isa = XCSwiftPackageProductDependency;
			package = 8AD6ED2C2AF1991F006B56B6 /* XCRemoteSwiftPackageReference "firebase-ios-sdk" */;
			productName = FirebaseAnalytics;
		};
		8AA3B8BA2AF9D4680064CFD6 /* FirebaseAnalyticsOnDeviceConversion */ = {
			isa = XCSwiftPackageProductDependency;
			package = 8AD6ED2C2AF1991F006B56B6 /* XCRemoteSwiftPackageReference "firebase-ios-sdk" */;
			productName = FirebaseAnalyticsOnDeviceConversion;
		};
		8AA3B8BC2AF9D4680064CFD6 /* FirebaseAnalyticsSwift */ = {
			isa = XCSwiftPackageProductDependency;
			package = 8AD6ED2C2AF1991F006B56B6 /* XCRemoteSwiftPackageReference "firebase-ios-sdk" */;
			productName = FirebaseAnalyticsSwift;
		};
		8AA3B8BE2AF9D4680064CFD6 /* FirebaseAnalyticsWithoutAdIdSupport */ = {
			isa = XCSwiftPackageProductDependency;
			package = 8AD6ED2C2AF1991F006B56B6 /* XCRemoteSwiftPackageReference "firebase-ios-sdk" */;
			productName = FirebaseAnalyticsWithoutAdIdSupport;
		};
		8AA3B8C02AF9D4680064CFD6 /* FirebaseAppCheck */ = {
			isa = XCSwiftPackageProductDependency;
			package = 8AD6ED2C2AF1991F006B56B6 /* XCRemoteSwiftPackageReference "firebase-ios-sdk" */;
			productName = FirebaseAppCheck;
		};
		8AA3B8C22AF9D4680064CFD6 /* FirebaseAppDistribution-Beta */ = {
			isa = XCSwiftPackageProductDependency;
			package = 8AD6ED2C2AF1991F006B56B6 /* XCRemoteSwiftPackageReference "firebase-ios-sdk" */;
			productName = "FirebaseAppDistribution-Beta";
		};
		8AA3B8C42AF9D4680064CFD6 /* FirebaseAuth */ = {
			isa = XCSwiftPackageProductDependency;
			package = 8AD6ED2C2AF1991F006B56B6 /* XCRemoteSwiftPackageReference "firebase-ios-sdk" */;
			productName = FirebaseAuth;
		};
		8AA3B8C62AF9D4680064CFD6 /* FirebaseAuthCombine-Community */ = {
			isa = XCSwiftPackageProductDependency;
			package = 8AD6ED2C2AF1991F006B56B6 /* XCRemoteSwiftPackageReference "firebase-ios-sdk" */;
			productName = "FirebaseAuthCombine-Community";
		};
		8AA3B8C82AF9D4680064CFD6 /* FirebaseCrashlytics */ = {
			isa = XCSwiftPackageProductDependency;
			package = 8AD6ED2C2AF1991F006B56B6 /* XCRemoteSwiftPackageReference "firebase-ios-sdk" */;
			productName = FirebaseCrashlytics;
		};
		8AA3B8CA2AF9D4680064CFD6 /* FirebaseDatabase */ = {
			isa = XCSwiftPackageProductDependency;
			package = 8AD6ED2C2AF1991F006B56B6 /* XCRemoteSwiftPackageReference "firebase-ios-sdk" */;
			productName = FirebaseDatabase;
		};
		8AA3B8CC2AF9D4680064CFD6 /* FirebaseDatabaseSwift */ = {
			isa = XCSwiftPackageProductDependency;
			package = 8AD6ED2C2AF1991F006B56B6 /* XCRemoteSwiftPackageReference "firebase-ios-sdk" */;
			productName = FirebaseDatabaseSwift;
		};
		8AA3B8CE2AF9D4680064CFD6 /* FirebaseDynamicLinks */ = {
			isa = XCSwiftPackageProductDependency;
			package = 8AD6ED2C2AF1991F006B56B6 /* XCRemoteSwiftPackageReference "firebase-ios-sdk" */;
			productName = FirebaseDynamicLinks;
		};
		8AA3B8D02AF9D4680064CFD6 /* FirebaseFirestore */ = {
			isa = XCSwiftPackageProductDependency;
			package = 8AD6ED2C2AF1991F006B56B6 /* XCRemoteSwiftPackageReference "firebase-ios-sdk" */;
			productName = FirebaseFirestore;
		};
		8AA3B8D22AF9D4680064CFD6 /* FirebaseFirestoreCombine-Community */ = {
			isa = XCSwiftPackageProductDependency;
			package = 8AD6ED2C2AF1991F006B56B6 /* XCRemoteSwiftPackageReference "firebase-ios-sdk" */;
			productName = "FirebaseFirestoreCombine-Community";
		};
		8AA3B8D42AF9D4680064CFD6 /* FirebaseFirestoreSwift */ = {
			isa = XCSwiftPackageProductDependency;
			package = 8AD6ED2C2AF1991F006B56B6 /* XCRemoteSwiftPackageReference "firebase-ios-sdk" */;
			productName = FirebaseFirestoreSwift;
		};
		8AA3B8D62AF9D4680064CFD6 /* FirebaseFunctions */ = {
			isa = XCSwiftPackageProductDependency;
			package = 8AD6ED2C2AF1991F006B56B6 /* XCRemoteSwiftPackageReference "firebase-ios-sdk" */;
			productName = FirebaseFunctions;
		};
		8AA3B8D82AF9D4680064CFD6 /* FirebaseFunctionsCombine-Community */ = {
			isa = XCSwiftPackageProductDependency;
			package = 8AD6ED2C2AF1991F006B56B6 /* XCRemoteSwiftPackageReference "firebase-ios-sdk" */;
			productName = "FirebaseFunctionsCombine-Community";
		};
		8AA3B8DA2AF9D4680064CFD6 /* FirebaseInAppMessaging-Beta */ = {
			isa = XCSwiftPackageProductDependency;
			package = 8AD6ED2C2AF1991F006B56B6 /* XCRemoteSwiftPackageReference "firebase-ios-sdk" */;
			productName = "FirebaseInAppMessaging-Beta";
		};
		8AA3B8DC2AF9D4680064CFD6 /* FirebaseInAppMessagingSwift-Beta */ = {
			isa = XCSwiftPackageProductDependency;
			package = 8AD6ED2C2AF1991F006B56B6 /* XCRemoteSwiftPackageReference "firebase-ios-sdk" */;
			productName = "FirebaseInAppMessagingSwift-Beta";
		};
		8AA3B8DE2AF9D4680064CFD6 /* FirebaseInstallations */ = {
			isa = XCSwiftPackageProductDependency;
			package = 8AD6ED2C2AF1991F006B56B6 /* XCRemoteSwiftPackageReference "firebase-ios-sdk" */;
			productName = FirebaseInstallations;
		};
		8AA3B8E02AF9D4680064CFD6 /* FirebaseMLModelDownloader */ = {
			isa = XCSwiftPackageProductDependency;
			package = 8AD6ED2C2AF1991F006B56B6 /* XCRemoteSwiftPackageReference "firebase-ios-sdk" */;
			productName = FirebaseMLModelDownloader;
		};
		8AA3B8E22AF9D4680064CFD6 /* FirebaseMessaging */ = {
			isa = XCSwiftPackageProductDependency;
			package = 8AD6ED2C2AF1991F006B56B6 /* XCRemoteSwiftPackageReference "firebase-ios-sdk" */;
			productName = FirebaseMessaging;
		};
		8AA3B8E42AF9D4680064CFD6 /* FirebasePerformance */ = {
			isa = XCSwiftPackageProductDependency;
			package = 8AD6ED2C2AF1991F006B56B6 /* XCRemoteSwiftPackageReference "firebase-ios-sdk" */;
			productName = FirebasePerformance;
		};
		8AA3B8E62AF9D4680064CFD6 /* FirebaseRemoteConfig */ = {
			isa = XCSwiftPackageProductDependency;
			package = 8AD6ED2C2AF1991F006B56B6 /* XCRemoteSwiftPackageReference "firebase-ios-sdk" */;
			productName = FirebaseRemoteConfig;
		};
		8AA3B8E82AF9D4680064CFD6 /* FirebaseRemoteConfigSwift */ = {
			isa = XCSwiftPackageProductDependency;
			package = 8AD6ED2C2AF1991F006B56B6 /* XCRemoteSwiftPackageReference "firebase-ios-sdk" */;
			productName = FirebaseRemoteConfigSwift;
		};
		8AA3B8EA2AF9D4680064CFD6 /* FirebaseStorage */ = {
			isa = XCSwiftPackageProductDependency;
			package = 8AD6ED2C2AF1991F006B56B6 /* XCRemoteSwiftPackageReference "firebase-ios-sdk" */;
			productName = FirebaseStorage;
		};
		8AA3B8EC2AF9D4680064CFD6 /* FirebaseStorageCombine-Community */ = {
			isa = XCSwiftPackageProductDependency;
			package = 8AD6ED2C2AF1991F006B56B6 /* XCRemoteSwiftPackageReference "firebase-ios-sdk" */;
			productName = "FirebaseStorageCombine-Community";
		};
		8AD6ED2D2AF1991F006B56B6 /* FirebaseAuth */ = {
			isa = XCSwiftPackageProductDependency;
			package = 8AD6ED2C2AF1991F006B56B6 /* XCRemoteSwiftPackageReference "firebase-ios-sdk" */;
			productName = FirebaseAuth;
		};
		8AD6ED2F2AF1991F006B56B6 /* FirebaseAuthCombine-Community */ = {
			isa = XCSwiftPackageProductDependency;
			package = 8AD6ED2C2AF1991F006B56B6 /* XCRemoteSwiftPackageReference "firebase-ios-sdk" */;
			productName = "FirebaseAuthCombine-Community";
		};
		8AD6ED312AF1991F006B56B6 /* FirebaseDatabase */ = {
			isa = XCSwiftPackageProductDependency;
			package = 8AD6ED2C2AF1991F006B56B6 /* XCRemoteSwiftPackageReference "firebase-ios-sdk" */;
			productName = FirebaseDatabase;
		};
		8AD6ED332AF1991F006B56B6 /* FirebaseDatabaseSwift */ = {
			isa = XCSwiftPackageProductDependency;
			package = 8AD6ED2C2AF1991F006B56B6 /* XCRemoteSwiftPackageReference "firebase-ios-sdk" */;
			productName = FirebaseDatabaseSwift;
		};
		8AD6ED352AF1991F006B56B6 /* FirebaseFirestore */ = {
			isa = XCSwiftPackageProductDependency;
			package = 8AD6ED2C2AF1991F006B56B6 /* XCRemoteSwiftPackageReference "firebase-ios-sdk" */;
			productName = FirebaseFirestore;
		};
		8AD6ED372AF1991F006B56B6 /* FirebaseFirestoreCombine-Community */ = {
			isa = XCSwiftPackageProductDependency;
			package = 8AD6ED2C2AF1991F006B56B6 /* XCRemoteSwiftPackageReference "firebase-ios-sdk" */;
			productName = "FirebaseFirestoreCombine-Community";
		};
		8AD6ED392AF1991F006B56B6 /* FirebaseFirestoreSwift */ = {
			isa = XCSwiftPackageProductDependency;
			package = 8AD6ED2C2AF1991F006B56B6 /* XCRemoteSwiftPackageReference "firebase-ios-sdk" */;
			productName = FirebaseFirestoreSwift;
		};
		8AF0A3F62AF9D40B00A79110 /* FirebaseAppDistribution-Beta */ = {
			isa = XCSwiftPackageProductDependency;
			package = 8AD6ED2C2AF1991F006B56B6 /* XCRemoteSwiftPackageReference "firebase-ios-sdk" */;
			productName = "FirebaseAppDistribution-Beta";
		};
		8AF0A3F82AF9D40B00A79110 /* FirebaseAuth */ = {
			isa = XCSwiftPackageProductDependency;
			package = 8AD6ED2C2AF1991F006B56B6 /* XCRemoteSwiftPackageReference "firebase-ios-sdk" */;
			productName = FirebaseAuth;
		};
		8AF0A3FA2AF9D40B00A79110 /* FirebaseAuthCombine-Community */ = {
			isa = XCSwiftPackageProductDependency;
			package = 8AD6ED2C2AF1991F006B56B6 /* XCRemoteSwiftPackageReference "firebase-ios-sdk" */;
			productName = "FirebaseAuthCombine-Community";
		};
		8AF0A3FC2AF9D40B00A79110 /* FirebaseCrashlytics */ = {
			isa = XCSwiftPackageProductDependency;
			package = 8AD6ED2C2AF1991F006B56B6 /* XCRemoteSwiftPackageReference "firebase-ios-sdk" */;
			productName = FirebaseCrashlytics;
		};
		8AF0A3FE2AF9D40B00A79110 /* FirebaseDatabase */ = {
			isa = XCSwiftPackageProductDependency;
			package = 8AD6ED2C2AF1991F006B56B6 /* XCRemoteSwiftPackageReference "firebase-ios-sdk" */;
			productName = FirebaseDatabase;
		};
		8AF0A4002AF9D40B00A79110 /* FirebaseDatabaseSwift */ = {
			isa = XCSwiftPackageProductDependency;
			package = 8AD6ED2C2AF1991F006B56B6 /* XCRemoteSwiftPackageReference "firebase-ios-sdk" */;
			productName = FirebaseDatabaseSwift;
		};
		8AF0A4022AF9D40B00A79110 /* FirebaseFirestore */ = {
			isa = XCSwiftPackageProductDependency;
			package = 8AD6ED2C2AF1991F006B56B6 /* XCRemoteSwiftPackageReference "firebase-ios-sdk" */;
			productName = FirebaseFirestore;
		};
		8AF0A4042AF9D40B00A79110 /* FirebaseFirestoreCombine-Community */ = {
			isa = XCSwiftPackageProductDependency;
			package = 8AD6ED2C2AF1991F006B56B6 /* XCRemoteSwiftPackageReference "firebase-ios-sdk" */;
			productName = "FirebaseFirestoreCombine-Community";
		};
		8AF0A4062AF9D40B00A79110 /* FirebaseFirestoreSwift */ = {
			isa = XCSwiftPackageProductDependency;
			package = 8AD6ED2C2AF1991F006B56B6 /* XCRemoteSwiftPackageReference "firebase-ios-sdk" */;
			productName = FirebaseFirestoreSwift;
		};
		8AF0A4082AF9D40B00A79110 /* FirebaseStorage */ = {
			isa = XCSwiftPackageProductDependency;
			package = 8AD6ED2C2AF1991F006B56B6 /* XCRemoteSwiftPackageReference "firebase-ios-sdk" */;
			productName = FirebaseStorage;
		};
		8AF0A40A2AF9D40B00A79110 /* FirebaseStorageCombine-Community */ = {
			isa = XCSwiftPackageProductDependency;
			package = 8AD6ED2C2AF1991F006B56B6 /* XCRemoteSwiftPackageReference "firebase-ios-sdk" */;
			productName = "FirebaseStorageCombine-Community";
		};
/* End XCSwiftPackageProductDependency section */
	};
	rootObject = 8AD6ECFD2AF1969C006B56B6 /* Project object */;
}
